
Microsoft Visual Studio Solution File, Format Version 12.00
# Visual Studio 15
VisualStudioVersion = 15.0.26730.10
MinimumVisualStudioVersion = 10.0.40219.1
Project("{FAE04EC0-301F-11D3-BF4B-00C04F79EFBC}") = "WarColors.Android", "WarColors\WarColors.Android\WarColors.Android.csproj", "{D57E916C-6BDE-4503-8777-866760F675FD}"
EndProject
Project("{FAE04EC0-301F-11D3-BF4B-00C04F79EFBC}") = "WarColors", "WarColors\WarColors\WarColors.csproj", "{67111BFB-62DE-493B-ACE5-195BDF4ECEDF}"
EndProject
Project("{FAE04EC0-301F-11D3-BF4B-00C04F79EFBC}") = "WarColors.UWP", "WarColors\WarColors.UWP\WarColors.UWP.csproj", "{27871104-BFD3-48B2-AD7D-871C797E0769}"
EndProject
Project("{FAE04EC0-301F-11D3-BF4B-00C04F79EFBC}") = "WarColors.iOS", "WarColors\WarColors.iOS\WarColors.iOS.csproj", "{344747A9-3462-4E9A-8557-68E4670E91FE}"
EndProject
Project("{2150E333-8FDC-42A3-9474-1A3956D46DE8}") = "01. Core", "01. Core", "{E06F21BF-3330-49BA-8711-483B10F255F8}"
EndProject
Project("{2150E333-8FDC-42A3-9474-1A3956D46DE8}") = "02. Data", "02. Data", "{67AF5964-E707-436C-ACA9-9495F169ECC7}"
EndProject
Project("{2150E333-8FDC-42A3-9474-1A3956D46DE8}") = "03. Backend", "03. Backend", "{A9B051E2-213F-4190-B009-F6F00345978E}"
EndProject
Project("{2150E333-8FDC-42A3-9474-1A3956D46DE8}") = "04. App", "04. App", "{A17AEA05-5600-4D50-8E18-AEBAFB8F72AF}"
EndProject
Project("{2150E333-8FDC-42A3-9474-1A3956D46DE8}") = "05. Mobile", "05. Mobile", "{0B725B0F-E231-4A0C-B41C-FC36EDB79479}"
EndProject
Project("{2150E333-8FDC-42A3-9474-1A3956D46DE8}") = "90. Tests", "90. Tests", "{C558E01C-A9A0-4C1E-BA70-6A520FAEA230}"
EndProject
Project("{2150E333-8FDC-42A3-9474-1A3956D46DE8}") = "91. UnitTets", "91. UnitTets", "{AA830CF6-5429-41CF-9D54-338D8AC16B97}"
EndProject
Project("{FAE04EC0-301F-11D3-BF4B-00C04F79EFBC}") = "WarColors.Core", "WarColors.Core\WarColors.Core.csproj", "{BC169E5E-858D-437C-8AF8-E30A7CEFE587}"
EndProject
Project("{FAE04EC0-301F-11D3-BF4B-00C04F79EFBC}") = "WarColors.ViewModels", "WarColors.ViewModels\WarColors.ViewModels.csproj", "{1CE6588C-EE9F-4C30-81F7-4962A8A3113F}"
EndProject
Project("{FAE04EC0-301F-11D3-BF4B-00C04F79EFBC}") = "WarColors.Views", "WarColors.Views\WarColors.Views.csproj", "{4BC2AC09-FE21-44C2-8F8D-D5513E373664}"
EndProject
Project("{9A19103F-16F7-4668-BE54-9A1E7A4F7556}") = "WarColors.Core.UnitTests", "WarColors.Core.UnitTests\WarColors.Core.UnitTests.csproj", "{8F75CD26-3426-43F9-ACCE-EDD941F8D1F3}"
EndProject
Project("{9A19103F-16F7-4668-BE54-9A1E7A4F7556}") = "WarColors.ViewModels.UnitTests", "WarColors.ViewModels.UnitTests\WarColors.ViewModels.UnitTests.csproj", "{2A79E9C8-E46F-402A-8CCB-98BF626EED6C}"
EndProject
Project("{FAE04EC0-301F-11D3-BF4B-00C04F79EFBC}") = "WarColors.Core.SimpleInjectionContainer", "WarColors.Core.SimpleInjectionContainer\WarColors.Core.SimpleInjectionContainer.csproj", "{44D476D4-8691-4494-819F-8F7437D43176}"
EndProject
Project("{FAE04EC0-301F-11D3-BF4B-00C04F79EFBC}") = "WarColors.Models", "WarColors.Models\WarColors.Models.csproj", "{E430E859-B309-4F08-A63C-E821ED7E9F96}"
EndProject
Project("{FAE04EC0-301F-11D3-BF4B-00C04F79EFBC}") = "WarColors.Data", "WarColors.Data\WarColors.Data.csproj", "{4E95667D-803A-40F7-BF72-0FF618A95DF9}"
EndProject
Global
	GlobalSection(SolutionConfigurationPlatforms) = preSolution
		Ad-Hoc|Any CPU = Ad-Hoc|Any CPU
		Ad-Hoc|ARM = Ad-Hoc|ARM
		Ad-Hoc|iPhone = Ad-Hoc|iPhone
		Ad-Hoc|iPhoneSimulator = Ad-Hoc|iPhoneSimulator
		Ad-Hoc|x64 = Ad-Hoc|x64
		Ad-Hoc|x86 = Ad-Hoc|x86
		AppStore|Any CPU = AppStore|Any CPU
		AppStore|ARM = AppStore|ARM
		AppStore|iPhone = AppStore|iPhone
		AppStore|iPhoneSimulator = AppStore|iPhoneSimulator
		AppStore|x64 = AppStore|x64
		AppStore|x86 = AppStore|x86
		Debug|Any CPU = Debug|Any CPU
		Debug|ARM = Debug|ARM
		Debug|iPhone = Debug|iPhone
		Debug|iPhoneSimulator = Debug|iPhoneSimulator
		Debug|x64 = Debug|x64
		Debug|x86 = Debug|x86
		Release|Any CPU = Release|Any CPU
		Release|ARM = Release|ARM
		Release|iPhone = Release|iPhone
		Release|iPhoneSimulator = Release|iPhoneSimulator
		Release|x64 = Release|x64
		Release|x86 = Release|x86
	EndGlobalSection
	GlobalSection(ProjectConfigurationPlatforms) = postSolution
		{D57E916C-6BDE-4503-8777-866760F675FD}.Ad-Hoc|Any CPU.ActiveCfg = Release|Any CPU
		{D57E916C-6BDE-4503-8777-866760F675FD}.Ad-Hoc|Any CPU.Build.0 = Release|Any CPU
		{D57E916C-6BDE-4503-8777-866760F675FD}.Ad-Hoc|Any CPU.Deploy.0 = Release|Any CPU
		{D57E916C-6BDE-4503-8777-866760F675FD}.Ad-Hoc|ARM.ActiveCfg = Release|Any CPU
		{D57E916C-6BDE-4503-8777-866760F675FD}.Ad-Hoc|ARM.Build.0 = Release|Any CPU
		{D57E916C-6BDE-4503-8777-866760F675FD}.Ad-Hoc|ARM.Deploy.0 = Release|Any CPU
		{D57E916C-6BDE-4503-8777-866760F675FD}.Ad-Hoc|iPhone.ActiveCfg = Release|Any CPU
		{D57E916C-6BDE-4503-8777-866760F675FD}.Ad-Hoc|iPhone.Build.0 = Release|Any CPU
		{D57E916C-6BDE-4503-8777-866760F675FD}.Ad-Hoc|iPhone.Deploy.0 = Release|Any CPU
		{D57E916C-6BDE-4503-8777-866760F675FD}.Ad-Hoc|iPhoneSimulator.ActiveCfg = Release|Any CPU
		{D57E916C-6BDE-4503-8777-866760F675FD}.Ad-Hoc|iPhoneSimulator.Build.0 = Release|Any CPU
		{D57E916C-6BDE-4503-8777-866760F675FD}.Ad-Hoc|iPhoneSimulator.Deploy.0 = Release|Any CPU
		{D57E916C-6BDE-4503-8777-866760F675FD}.Ad-Hoc|x64.ActiveCfg = Release|Any CPU
		{D57E916C-6BDE-4503-8777-866760F675FD}.Ad-Hoc|x64.Build.0 = Release|Any CPU
		{D57E916C-6BDE-4503-8777-866760F675FD}.Ad-Hoc|x64.Deploy.0 = Release|Any CPU
		{D57E916C-6BDE-4503-8777-866760F675FD}.Ad-Hoc|x86.ActiveCfg = Release|Any CPU
		{D57E916C-6BDE-4503-8777-866760F675FD}.Ad-Hoc|x86.Build.0 = Release|Any CPU
		{D57E916C-6BDE-4503-8777-866760F675FD}.Ad-Hoc|x86.Deploy.0 = Release|Any CPU
		{D57E916C-6BDE-4503-8777-866760F675FD}.AppStore|Any CPU.ActiveCfg = Release|Any CPU
		{D57E916C-6BDE-4503-8777-866760F675FD}.AppStore|Any CPU.Build.0 = Release|Any CPU
		{D57E916C-6BDE-4503-8777-866760F675FD}.AppStore|Any CPU.Deploy.0 = Release|Any CPU
		{D57E916C-6BDE-4503-8777-866760F675FD}.AppStore|ARM.ActiveCfg = Release|Any CPU
		{D57E916C-6BDE-4503-8777-866760F675FD}.AppStore|ARM.Build.0 = Release|Any CPU
		{D57E916C-6BDE-4503-8777-866760F675FD}.AppStore|ARM.Deploy.0 = Release|Any CPU
		{D57E916C-6BDE-4503-8777-866760F675FD}.AppStore|iPhone.ActiveCfg = Release|Any CPU
		{D57E916C-6BDE-4503-8777-866760F675FD}.AppStore|iPhone.Build.0 = Release|Any CPU
		{D57E916C-6BDE-4503-8777-866760F675FD}.AppStore|iPhone.Deploy.0 = Release|Any CPU
		{D57E916C-6BDE-4503-8777-866760F675FD}.AppStore|iPhoneSimulator.ActiveCfg = Release|Any CPU
		{D57E916C-6BDE-4503-8777-866760F675FD}.AppStore|iPhoneSimulator.Build.0 = Release|Any CPU
		{D57E916C-6BDE-4503-8777-866760F675FD}.AppStore|iPhoneSimulator.Deploy.0 = Release|Any CPU
		{D57E916C-6BDE-4503-8777-866760F675FD}.AppStore|x64.ActiveCfg = Release|Any CPU
		{D57E916C-6BDE-4503-8777-866760F675FD}.AppStore|x64.Build.0 = Release|Any CPU
		{D57E916C-6BDE-4503-8777-866760F675FD}.AppStore|x64.Deploy.0 = Release|Any CPU
		{D57E916C-6BDE-4503-8777-866760F675FD}.AppStore|x86.ActiveCfg = Release|Any CPU
		{D57E916C-6BDE-4503-8777-866760F675FD}.AppStore|x86.Build.0 = Release|Any CPU
		{D57E916C-6BDE-4503-8777-866760F675FD}.AppStore|x86.Deploy.0 = Release|Any CPU
		{D57E916C-6BDE-4503-8777-866760F675FD}.Debug|Any CPU.ActiveCfg = Debug|Any CPU
		{D57E916C-6BDE-4503-8777-866760F675FD}.Debug|Any CPU.Build.0 = Debug|Any CPU
		{D57E916C-6BDE-4503-8777-866760F675FD}.Debug|Any CPU.Deploy.0 = Debug|Any CPU
		{D57E916C-6BDE-4503-8777-866760F675FD}.Debug|ARM.ActiveCfg = Debug|Any CPU
		{D57E916C-6BDE-4503-8777-866760F675FD}.Debug|ARM.Build.0 = Debug|Any CPU
		{D57E916C-6BDE-4503-8777-866760F675FD}.Debug|ARM.Deploy.0 = Debug|Any CPU
		{D57E916C-6BDE-4503-8777-866760F675FD}.Debug|iPhone.ActiveCfg = Debug|Any CPU
		{D57E916C-6BDE-4503-8777-866760F675FD}.Debug|iPhone.Build.0 = Debug|Any CPU
		{D57E916C-6BDE-4503-8777-866760F675FD}.Debug|iPhone.Deploy.0 = Debug|Any CPU
		{D57E916C-6BDE-4503-8777-866760F675FD}.Debug|iPhoneSimulator.ActiveCfg = Debug|Any CPU
		{D57E916C-6BDE-4503-8777-866760F675FD}.Debug|iPhoneSimulator.Build.0 = Debug|Any CPU
		{D57E916C-6BDE-4503-8777-866760F675FD}.Debug|iPhoneSimulator.Deploy.0 = Debug|Any CPU
		{D57E916C-6BDE-4503-8777-866760F675FD}.Debug|x64.ActiveCfg = Debug|Any CPU
		{D57E916C-6BDE-4503-8777-866760F675FD}.Debug|x64.Build.0 = Debug|Any CPU
		{D57E916C-6BDE-4503-8777-866760F675FD}.Debug|x64.Deploy.0 = Debug|Any CPU
		{D57E916C-6BDE-4503-8777-866760F675FD}.Debug|x86.ActiveCfg = Debug|Any CPU
		{D57E916C-6BDE-4503-8777-866760F675FD}.Debug|x86.Build.0 = Debug|Any CPU
		{D57E916C-6BDE-4503-8777-866760F675FD}.Debug|x86.Deploy.0 = Debug|Any CPU
		{D57E916C-6BDE-4503-8777-866760F675FD}.Release|Any CPU.ActiveCfg = Release|Any CPU
		{D57E916C-6BDE-4503-8777-866760F675FD}.Release|Any CPU.Build.0 = Release|Any CPU
		{D57E916C-6BDE-4503-8777-866760F675FD}.Release|Any CPU.Deploy.0 = Release|Any CPU
		{D57E916C-6BDE-4503-8777-866760F675FD}.Release|ARM.ActiveCfg = Release|Any CPU
		{D57E916C-6BDE-4503-8777-866760F675FD}.Release|ARM.Build.0 = Release|Any CPU
		{D57E916C-6BDE-4503-8777-866760F675FD}.Release|ARM.Deploy.0 = Release|Any CPU
		{D57E916C-6BDE-4503-8777-866760F675FD}.Release|iPhone.ActiveCfg = Release|Any CPU
		{D57E916C-6BDE-4503-8777-866760F675FD}.Release|iPhone.Build.0 = Release|Any CPU
		{D57E916C-6BDE-4503-8777-866760F675FD}.Release|iPhone.Deploy.0 = Release|Any CPU
		{D57E916C-6BDE-4503-8777-866760F675FD}.Release|iPhoneSimulator.ActiveCfg = Release|Any CPU
		{D57E916C-6BDE-4503-8777-866760F675FD}.Release|iPhoneSimulator.Build.0 = Release|Any CPU
		{D57E916C-6BDE-4503-8777-866760F675FD}.Release|iPhoneSimulator.Deploy.0 = Release|Any CPU
		{D57E916C-6BDE-4503-8777-866760F675FD}.Release|x64.ActiveCfg = Release|Any CPU
		{D57E916C-6BDE-4503-8777-866760F675FD}.Release|x64.Build.0 = Release|Any CPU
		{D57E916C-6BDE-4503-8777-866760F675FD}.Release|x64.Deploy.0 = Release|Any CPU
		{D57E916C-6BDE-4503-8777-866760F675FD}.Release|x86.ActiveCfg = Release|Any CPU
		{D57E916C-6BDE-4503-8777-866760F675FD}.Release|x86.Build.0 = Release|Any CPU
		{D57E916C-6BDE-4503-8777-866760F675FD}.Release|x86.Deploy.0 = Release|Any CPU
		{67111BFB-62DE-493B-ACE5-195BDF4ECEDF}.Ad-Hoc|Any CPU.ActiveCfg = Release|Any CPU
		{67111BFB-62DE-493B-ACE5-195BDF4ECEDF}.Ad-Hoc|Any CPU.Build.0 = Release|Any CPU
		{67111BFB-62DE-493B-ACE5-195BDF4ECEDF}.Ad-Hoc|ARM.ActiveCfg = Release|Any CPU
		{67111BFB-62DE-493B-ACE5-195BDF4ECEDF}.Ad-Hoc|ARM.Build.0 = Release|Any CPU
		{67111BFB-62DE-493B-ACE5-195BDF4ECEDF}.Ad-Hoc|iPhone.ActiveCfg = Release|Any CPU
		{67111BFB-62DE-493B-ACE5-195BDF4ECEDF}.Ad-Hoc|iPhone.Build.0 = Release|Any CPU
		{67111BFB-62DE-493B-ACE5-195BDF4ECEDF}.Ad-Hoc|iPhoneSimulator.ActiveCfg = Release|Any CPU
		{67111BFB-62DE-493B-ACE5-195BDF4ECEDF}.Ad-Hoc|iPhoneSimulator.Build.0 = Release|Any CPU
		{67111BFB-62DE-493B-ACE5-195BDF4ECEDF}.Ad-Hoc|x64.ActiveCfg = Release|Any CPU
		{67111BFB-62DE-493B-ACE5-195BDF4ECEDF}.Ad-Hoc|x64.Build.0 = Release|Any CPU
		{67111BFB-62DE-493B-ACE5-195BDF4ECEDF}.Ad-Hoc|x86.ActiveCfg = Release|Any CPU
		{67111BFB-62DE-493B-ACE5-195BDF4ECEDF}.Ad-Hoc|x86.Build.0 = Release|Any CPU
		{67111BFB-62DE-493B-ACE5-195BDF4ECEDF}.AppStore|Any CPU.ActiveCfg = Release|Any CPU
		{67111BFB-62DE-493B-ACE5-195BDF4ECEDF}.AppStore|Any CPU.Build.0 = Release|Any CPU
		{67111BFB-62DE-493B-ACE5-195BDF4ECEDF}.AppStore|ARM.ActiveCfg = Release|Any CPU
		{67111BFB-62DE-493B-ACE5-195BDF4ECEDF}.AppStore|ARM.Build.0 = Release|Any CPU
		{67111BFB-62DE-493B-ACE5-195BDF4ECEDF}.AppStore|iPhone.ActiveCfg = Release|Any CPU
		{67111BFB-62DE-493B-ACE5-195BDF4ECEDF}.AppStore|iPhone.Build.0 = Release|Any CPU
		{67111BFB-62DE-493B-ACE5-195BDF4ECEDF}.AppStore|iPhoneSimulator.ActiveCfg = Release|Any CPU
		{67111BFB-62DE-493B-ACE5-195BDF4ECEDF}.AppStore|iPhoneSimulator.Build.0 = Release|Any CPU
		{67111BFB-62DE-493B-ACE5-195BDF4ECEDF}.AppStore|x64.ActiveCfg = Release|Any CPU
		{67111BFB-62DE-493B-ACE5-195BDF4ECEDF}.AppStore|x64.Build.0 = Release|Any CPU
		{67111BFB-62DE-493B-ACE5-195BDF4ECEDF}.AppStore|x86.ActiveCfg = Release|Any CPU
		{67111BFB-62DE-493B-ACE5-195BDF4ECEDF}.AppStore|x86.Build.0 = Release|Any CPU
		{67111BFB-62DE-493B-ACE5-195BDF4ECEDF}.Debug|Any CPU.ActiveCfg = Debug|Any CPU
		{67111BFB-62DE-493B-ACE5-195BDF4ECEDF}.Debug|Any CPU.Build.0 = Debug|Any CPU
		{67111BFB-62DE-493B-ACE5-195BDF4ECEDF}.Debug|ARM.ActiveCfg = Debug|Any CPU
		{67111BFB-62DE-493B-ACE5-195BDF4ECEDF}.Debug|ARM.Build.0 = Debug|Any CPU
		{67111BFB-62DE-493B-ACE5-195BDF4ECEDF}.Debug|iPhone.ActiveCfg = Debug|Any CPU
		{67111BFB-62DE-493B-ACE5-195BDF4ECEDF}.Debug|iPhone.Build.0 = Debug|Any CPU
		{67111BFB-62DE-493B-ACE5-195BDF4ECEDF}.Debug|iPhoneSimulator.ActiveCfg = Debug|Any CPU
		{67111BFB-62DE-493B-ACE5-195BDF4ECEDF}.Debug|iPhoneSimulator.Build.0 = Debug|Any CPU
		{67111BFB-62DE-493B-ACE5-195BDF4ECEDF}.Debug|x64.ActiveCfg = Debug|Any CPU
		{67111BFB-62DE-493B-ACE5-195BDF4ECEDF}.Debug|x64.Build.0 = Debug|Any CPU
		{67111BFB-62DE-493B-ACE5-195BDF4ECEDF}.Debug|x86.ActiveCfg = Debug|Any CPU
		{67111BFB-62DE-493B-ACE5-195BDF4ECEDF}.Debug|x86.Build.0 = Debug|Any CPU
		{67111BFB-62DE-493B-ACE5-195BDF4ECEDF}.Release|Any CPU.ActiveCfg = Release|Any CPU
		{67111BFB-62DE-493B-ACE5-195BDF4ECEDF}.Release|Any CPU.Build.0 = Release|Any CPU
		{67111BFB-62DE-493B-ACE5-195BDF4ECEDF}.Release|ARM.ActiveCfg = Release|Any CPU
		{67111BFB-62DE-493B-ACE5-195BDF4ECEDF}.Release|ARM.Build.0 = Release|Any CPU
		{67111BFB-62DE-493B-ACE5-195BDF4ECEDF}.Release|iPhone.ActiveCfg = Release|Any CPU
		{67111BFB-62DE-493B-ACE5-195BDF4ECEDF}.Release|iPhone.Build.0 = Release|Any CPU
		{67111BFB-62DE-493B-ACE5-195BDF4ECEDF}.Release|iPhoneSimulator.ActiveCfg = Release|Any CPU
		{67111BFB-62DE-493B-ACE5-195BDF4ECEDF}.Release|iPhoneSimulator.Build.0 = Release|Any CPU
		{67111BFB-62DE-493B-ACE5-195BDF4ECEDF}.Release|x64.ActiveCfg = Release|Any CPU
		{67111BFB-62DE-493B-ACE5-195BDF4ECEDF}.Release|x64.Build.0 = Release|Any CPU
		{67111BFB-62DE-493B-ACE5-195BDF4ECEDF}.Release|x86.ActiveCfg = Release|Any CPU
		{67111BFB-62DE-493B-ACE5-195BDF4ECEDF}.Release|x86.Build.0 = Release|Any CPU
		{27871104-BFD3-48B2-AD7D-871C797E0769}.Ad-Hoc|Any CPU.ActiveCfg = Release|x86
		{27871104-BFD3-48B2-AD7D-871C797E0769}.Ad-Hoc|Any CPU.Build.0 = Release|x86
		{27871104-BFD3-48B2-AD7D-871C797E0769}.Ad-Hoc|Any CPU.Deploy.0 = Release|x86
		{27871104-BFD3-48B2-AD7D-871C797E0769}.Ad-Hoc|ARM.ActiveCfg = Release|ARM
		{27871104-BFD3-48B2-AD7D-871C797E0769}.Ad-Hoc|ARM.Build.0 = Release|ARM
		{27871104-BFD3-48B2-AD7D-871C797E0769}.Ad-Hoc|ARM.Deploy.0 = Release|ARM
		{27871104-BFD3-48B2-AD7D-871C797E0769}.Ad-Hoc|iPhone.ActiveCfg = Release|x86
		{27871104-BFD3-48B2-AD7D-871C797E0769}.Ad-Hoc|iPhone.Build.0 = Release|x86
		{27871104-BFD3-48B2-AD7D-871C797E0769}.Ad-Hoc|iPhone.Deploy.0 = Release|x86
		{27871104-BFD3-48B2-AD7D-871C797E0769}.Ad-Hoc|iPhoneSimulator.ActiveCfg = Release|x86
		{27871104-BFD3-48B2-AD7D-871C797E0769}.Ad-Hoc|iPhoneSimulator.Build.0 = Release|x86
		{27871104-BFD3-48B2-AD7D-871C797E0769}.Ad-Hoc|iPhoneSimulator.Deploy.0 = Release|x86
		{27871104-BFD3-48B2-AD7D-871C797E0769}.Ad-Hoc|x64.ActiveCfg = Release|x64
		{27871104-BFD3-48B2-AD7D-871C797E0769}.Ad-Hoc|x64.Build.0 = Release|x64
		{27871104-BFD3-48B2-AD7D-871C797E0769}.Ad-Hoc|x64.Deploy.0 = Release|x64
		{27871104-BFD3-48B2-AD7D-871C797E0769}.Ad-Hoc|x86.ActiveCfg = Release|x86
		{27871104-BFD3-48B2-AD7D-871C797E0769}.Ad-Hoc|x86.Build.0 = Release|x86
		{27871104-BFD3-48B2-AD7D-871C797E0769}.Ad-Hoc|x86.Deploy.0 = Release|x86
		{27871104-BFD3-48B2-AD7D-871C797E0769}.AppStore|Any CPU.ActiveCfg = Release|x86
		{27871104-BFD3-48B2-AD7D-871C797E0769}.AppStore|Any CPU.Build.0 = Release|x86
		{27871104-BFD3-48B2-AD7D-871C797E0769}.AppStore|Any CPU.Deploy.0 = Release|x86
		{27871104-BFD3-48B2-AD7D-871C797E0769}.AppStore|ARM.ActiveCfg = Release|ARM
		{27871104-BFD3-48B2-AD7D-871C797E0769}.AppStore|ARM.Build.0 = Release|ARM
		{27871104-BFD3-48B2-AD7D-871C797E0769}.AppStore|ARM.Deploy.0 = Release|ARM
		{27871104-BFD3-48B2-AD7D-871C797E0769}.AppStore|iPhone.ActiveCfg = Release|x86
		{27871104-BFD3-48B2-AD7D-871C797E0769}.AppStore|iPhone.Build.0 = Release|x86
		{27871104-BFD3-48B2-AD7D-871C797E0769}.AppStore|iPhone.Deploy.0 = Release|x86
		{27871104-BFD3-48B2-AD7D-871C797E0769}.AppStore|iPhoneSimulator.ActiveCfg = Release|x86
		{27871104-BFD3-48B2-AD7D-871C797E0769}.AppStore|iPhoneSimulator.Build.0 = Release|x86
		{27871104-BFD3-48B2-AD7D-871C797E0769}.AppStore|iPhoneSimulator.Deploy.0 = Release|x86
		{27871104-BFD3-48B2-AD7D-871C797E0769}.AppStore|x64.ActiveCfg = Release|x64
		{27871104-BFD3-48B2-AD7D-871C797E0769}.AppStore|x64.Build.0 = Release|x64
		{27871104-BFD3-48B2-AD7D-871C797E0769}.AppStore|x64.Deploy.0 = Release|x64
		{27871104-BFD3-48B2-AD7D-871C797E0769}.AppStore|x86.ActiveCfg = Release|x86
		{27871104-BFD3-48B2-AD7D-871C797E0769}.AppStore|x86.Build.0 = Release|x86
		{27871104-BFD3-48B2-AD7D-871C797E0769}.AppStore|x86.Deploy.0 = Release|x86
		{27871104-BFD3-48B2-AD7D-871C797E0769}.Debug|Any CPU.ActiveCfg = Debug|x86
		{27871104-BFD3-48B2-AD7D-871C797E0769}.Debug|ARM.ActiveCfg = Debug|ARM
		{27871104-BFD3-48B2-AD7D-871C797E0769}.Debug|ARM.Build.0 = Debug|ARM
		{27871104-BFD3-48B2-AD7D-871C797E0769}.Debug|ARM.Deploy.0 = Debug|ARM
		{27871104-BFD3-48B2-AD7D-871C797E0769}.Debug|iPhone.ActiveCfg = Debug|x86
		{27871104-BFD3-48B2-AD7D-871C797E0769}.Debug|iPhoneSimulator.ActiveCfg = Debug|x86
		{27871104-BFD3-48B2-AD7D-871C797E0769}.Debug|x64.ActiveCfg = Debug|x64
		{27871104-BFD3-48B2-AD7D-871C797E0769}.Debug|x64.Build.0 = Debug|x64
		{27871104-BFD3-48B2-AD7D-871C797E0769}.Debug|x64.Deploy.0 = Debug|x64
		{27871104-BFD3-48B2-AD7D-871C797E0769}.Debug|x86.ActiveCfg = Debug|x86
		{27871104-BFD3-48B2-AD7D-871C797E0769}.Debug|x86.Build.0 = Debug|x86
		{27871104-BFD3-48B2-AD7D-871C797E0769}.Debug|x86.Deploy.0 = Debug|x86
		{27871104-BFD3-48B2-AD7D-871C797E0769}.Release|Any CPU.ActiveCfg = Release|x86
		{27871104-BFD3-48B2-AD7D-871C797E0769}.Release|ARM.ActiveCfg = Release|ARM
		{27871104-BFD3-48B2-AD7D-871C797E0769}.Release|ARM.Build.0 = Release|ARM
		{27871104-BFD3-48B2-AD7D-871C797E0769}.Release|ARM.Deploy.0 = Release|ARM
		{27871104-BFD3-48B2-AD7D-871C797E0769}.Release|iPhone.ActiveCfg = Release|x86
		{27871104-BFD3-48B2-AD7D-871C797E0769}.Release|iPhoneSimulator.ActiveCfg = Release|x86
		{27871104-BFD3-48B2-AD7D-871C797E0769}.Release|x64.ActiveCfg = Release|x64
		{27871104-BFD3-48B2-AD7D-871C797E0769}.Release|x64.Build.0 = Release|x64
		{27871104-BFD3-48B2-AD7D-871C797E0769}.Release|x64.Deploy.0 = Release|x64
		{27871104-BFD3-48B2-AD7D-871C797E0769}.Release|x86.ActiveCfg = Release|x86
		{27871104-BFD3-48B2-AD7D-871C797E0769}.Release|x86.Build.0 = Release|x86
		{27871104-BFD3-48B2-AD7D-871C797E0769}.Release|x86.Deploy.0 = Release|x86
		{344747A9-3462-4E9A-8557-68E4670E91FE}.Ad-Hoc|Any CPU.ActiveCfg = Ad-Hoc|iPhone
		{344747A9-3462-4E9A-8557-68E4670E91FE}.Ad-Hoc|ARM.ActiveCfg = Ad-Hoc|iPhone
		{344747A9-3462-4E9A-8557-68E4670E91FE}.Ad-Hoc|iPhone.ActiveCfg = Ad-Hoc|iPhone
		{344747A9-3462-4E9A-8557-68E4670E91FE}.Ad-Hoc|iPhone.Build.0 = Ad-Hoc|iPhone
		{344747A9-3462-4E9A-8557-68E4670E91FE}.Ad-Hoc|iPhoneSimulator.ActiveCfg = Ad-Hoc|iPhoneSimulator
		{344747A9-3462-4E9A-8557-68E4670E91FE}.Ad-Hoc|iPhoneSimulator.Build.0 = Ad-Hoc|iPhoneSimulator
		{344747A9-3462-4E9A-8557-68E4670E91FE}.Ad-Hoc|x64.ActiveCfg = Ad-Hoc|iPhone
		{344747A9-3462-4E9A-8557-68E4670E91FE}.Ad-Hoc|x86.ActiveCfg = Ad-Hoc|iPhone
		{344747A9-3462-4E9A-8557-68E4670E91FE}.AppStore|Any CPU.ActiveCfg = AppStore|iPhone
		{344747A9-3462-4E9A-8557-68E4670E91FE}.AppStore|ARM.ActiveCfg = AppStore|iPhone
		{344747A9-3462-4E9A-8557-68E4670E91FE}.AppStore|iPhone.ActiveCfg = AppStore|iPhone
		{344747A9-3462-4E9A-8557-68E4670E91FE}.AppStore|iPhone.Build.0 = AppStore|iPhone
		{344747A9-3462-4E9A-8557-68E4670E91FE}.AppStore|iPhoneSimulator.ActiveCfg = AppStore|iPhoneSimulator
		{344747A9-3462-4E9A-8557-68E4670E91FE}.AppStore|iPhoneSimulator.Build.0 = AppStore|iPhoneSimulator
		{344747A9-3462-4E9A-8557-68E4670E91FE}.AppStore|x64.ActiveCfg = AppStore|iPhone
		{344747A9-3462-4E9A-8557-68E4670E91FE}.AppStore|x86.ActiveCfg = AppStore|iPhone
		{344747A9-3462-4E9A-8557-68E4670E91FE}.Debug|Any CPU.ActiveCfg = Debug|iPhone
		{344747A9-3462-4E9A-8557-68E4670E91FE}.Debug|ARM.ActiveCfg = Debug|iPhone
		{344747A9-3462-4E9A-8557-68E4670E91FE}.Debug|iPhone.ActiveCfg = Debug|iPhone
		{344747A9-3462-4E9A-8557-68E4670E91FE}.Debug|iPhone.Build.0 = Debug|iPhone
		{344747A9-3462-4E9A-8557-68E4670E91FE}.Debug|iPhoneSimulator.ActiveCfg = Debug|iPhoneSimulator
		{344747A9-3462-4E9A-8557-68E4670E91FE}.Debug|iPhoneSimulator.Build.0 = Debug|iPhoneSimulator
		{344747A9-3462-4E9A-8557-68E4670E91FE}.Debug|x64.ActiveCfg = Debug|iPhone
		{344747A9-3462-4E9A-8557-68E4670E91FE}.Debug|x86.ActiveCfg = Debug|iPhone
		{344747A9-3462-4E9A-8557-68E4670E91FE}.Release|Any CPU.ActiveCfg = Release|iPhone
		{344747A9-3462-4E9A-8557-68E4670E91FE}.Release|ARM.ActiveCfg = Release|iPhone
		{344747A9-3462-4E9A-8557-68E4670E91FE}.Release|iPhone.ActiveCfg = Release|iPhone
		{344747A9-3462-4E9A-8557-68E4670E91FE}.Release|iPhone.Build.0 = Release|iPhone
		{344747A9-3462-4E9A-8557-68E4670E91FE}.Release|iPhoneSimulator.ActiveCfg = Release|iPhoneSimulator
		{344747A9-3462-4E9A-8557-68E4670E91FE}.Release|iPhoneSimulator.Build.0 = Release|iPhoneSimulator
		{344747A9-3462-4E9A-8557-68E4670E91FE}.Release|x64.ActiveCfg = Release|iPhone
		{344747A9-3462-4E9A-8557-68E4670E91FE}.Release|x86.ActiveCfg = Release|iPhone
		{BC169E5E-858D-437C-8AF8-E30A7CEFE587}.Ad-Hoc|Any CPU.ActiveCfg = Release|Any CPU
		{BC169E5E-858D-437C-8AF8-E30A7CEFE587}.Ad-Hoc|Any CPU.Build.0 = Release|Any CPU
		{BC169E5E-858D-437C-8AF8-E30A7CEFE587}.Ad-Hoc|ARM.ActiveCfg = Release|Any CPU
		{BC169E5E-858D-437C-8AF8-E30A7CEFE587}.Ad-Hoc|ARM.Build.0 = Release|Any CPU
		{BC169E5E-858D-437C-8AF8-E30A7CEFE587}.Ad-Hoc|iPhone.ActiveCfg = Release|Any CPU
		{BC169E5E-858D-437C-8AF8-E30A7CEFE587}.Ad-Hoc|iPhone.Build.0 = Release|Any CPU
		{BC169E5E-858D-437C-8AF8-E30A7CEFE587}.Ad-Hoc|iPhoneSimulator.ActiveCfg = Release|Any CPU
		{BC169E5E-858D-437C-8AF8-E30A7CEFE587}.Ad-Hoc|iPhoneSimulator.Build.0 = Release|Any CPU
		{BC169E5E-858D-437C-8AF8-E30A7CEFE587}.Ad-Hoc|x64.ActiveCfg = Release|Any CPU
		{BC169E5E-858D-437C-8AF8-E30A7CEFE587}.Ad-Hoc|x64.Build.0 = Release|Any CPU
		{BC169E5E-858D-437C-8AF8-E30A7CEFE587}.Ad-Hoc|x86.ActiveCfg = Release|Any CPU
		{BC169E5E-858D-437C-8AF8-E30A7CEFE587}.Ad-Hoc|x86.Build.0 = Release|Any CPU
		{BC169E5E-858D-437C-8AF8-E30A7CEFE587}.AppStore|Any CPU.ActiveCfg = Release|Any CPU
		{BC169E5E-858D-437C-8AF8-E30A7CEFE587}.AppStore|Any CPU.Build.0 = Release|Any CPU
		{BC169E5E-858D-437C-8AF8-E30A7CEFE587}.AppStore|ARM.ActiveCfg = Release|Any CPU
		{BC169E5E-858D-437C-8AF8-E30A7CEFE587}.AppStore|ARM.Build.0 = Release|Any CPU
		{BC169E5E-858D-437C-8AF8-E30A7CEFE587}.AppStore|iPhone.ActiveCfg = Release|Any CPU
		{BC169E5E-858D-437C-8AF8-E30A7CEFE587}.AppStore|iPhone.Build.0 = Release|Any CPU
		{BC169E5E-858D-437C-8AF8-E30A7CEFE587}.AppStore|iPhoneSimulator.ActiveCfg = Release|Any CPU
		{BC169E5E-858D-437C-8AF8-E30A7CEFE587}.AppStore|iPhoneSimulator.Build.0 = Release|Any CPU
		{BC169E5E-858D-437C-8AF8-E30A7CEFE587}.AppStore|x64.ActiveCfg = Release|Any CPU
		{BC169E5E-858D-437C-8AF8-E30A7CEFE587}.AppStore|x64.Build.0 = Release|Any CPU
		{BC169E5E-858D-437C-8AF8-E30A7CEFE587}.AppStore|x86.ActiveCfg = Release|Any CPU
		{BC169E5E-858D-437C-8AF8-E30A7CEFE587}.AppStore|x86.Build.0 = Release|Any CPU
		{BC169E5E-858D-437C-8AF8-E30A7CEFE587}.Debug|Any CPU.ActiveCfg = Debug|Any CPU
		{BC169E5E-858D-437C-8AF8-E30A7CEFE587}.Debug|Any CPU.Build.0 = Debug|Any CPU
		{BC169E5E-858D-437C-8AF8-E30A7CEFE587}.Debug|ARM.ActiveCfg = Debug|Any CPU
		{BC169E5E-858D-437C-8AF8-E30A7CEFE587}.Debug|ARM.Build.0 = Debug|Any CPU
		{BC169E5E-858D-437C-8AF8-E30A7CEFE587}.Debug|iPhone.ActiveCfg = Debug|Any CPU
		{BC169E5E-858D-437C-8AF8-E30A7CEFE587}.Debug|iPhone.Build.0 = Debug|Any CPU
		{BC169E5E-858D-437C-8AF8-E30A7CEFE587}.Debug|iPhoneSimulator.ActiveCfg = Debug|Any CPU
		{BC169E5E-858D-437C-8AF8-E30A7CEFE587}.Debug|iPhoneSimulator.Build.0 = Debug|Any CPU
		{BC169E5E-858D-437C-8AF8-E30A7CEFE587}.Debug|x64.ActiveCfg = Debug|Any CPU
		{BC169E5E-858D-437C-8AF8-E30A7CEFE587}.Debug|x64.Build.0 = Debug|Any CPU
		{BC169E5E-858D-437C-8AF8-E30A7CEFE587}.Debug|x86.ActiveCfg = Debug|Any CPU
		{BC169E5E-858D-437C-8AF8-E30A7CEFE587}.Debug|x86.Build.0 = Debug|Any CPU
		{BC169E5E-858D-437C-8AF8-E30A7CEFE587}.Release|Any CPU.ActiveCfg = Release|Any CPU
		{BC169E5E-858D-437C-8AF8-E30A7CEFE587}.Release|Any CPU.Build.0 = Release|Any CPU
		{BC169E5E-858D-437C-8AF8-E30A7CEFE587}.Release|ARM.ActiveCfg = Release|Any CPU
		{BC169E5E-858D-437C-8AF8-E30A7CEFE587}.Release|ARM.Build.0 = Release|Any CPU
		{BC169E5E-858D-437C-8AF8-E30A7CEFE587}.Release|iPhone.ActiveCfg = Release|Any CPU
		{BC169E5E-858D-437C-8AF8-E30A7CEFE587}.Release|iPhone.Build.0 = Release|Any CPU
		{BC169E5E-858D-437C-8AF8-E30A7CEFE587}.Release|iPhoneSimulator.ActiveCfg = Release|Any CPU
		{BC169E5E-858D-437C-8AF8-E30A7CEFE587}.Release|iPhoneSimulator.Build.0 = Release|Any CPU
		{BC169E5E-858D-437C-8AF8-E30A7CEFE587}.Release|x64.ActiveCfg = Release|Any CPU
		{BC169E5E-858D-437C-8AF8-E30A7CEFE587}.Release|x64.Build.0 = Release|Any CPU
		{BC169E5E-858D-437C-8AF8-E30A7CEFE587}.Release|x86.ActiveCfg = Release|Any CPU
		{BC169E5E-858D-437C-8AF8-E30A7CEFE587}.Release|x86.Build.0 = Release|Any CPU
		{1CE6588C-EE9F-4C30-81F7-4962A8A3113F}.Ad-Hoc|Any CPU.ActiveCfg = Release|Any CPU
		{1CE6588C-EE9F-4C30-81F7-4962A8A3113F}.Ad-Hoc|Any CPU.Build.0 = Release|Any CPU
		{1CE6588C-EE9F-4C30-81F7-4962A8A3113F}.Ad-Hoc|ARM.ActiveCfg = Release|Any CPU
		{1CE6588C-EE9F-4C30-81F7-4962A8A3113F}.Ad-Hoc|ARM.Build.0 = Release|Any CPU
		{1CE6588C-EE9F-4C30-81F7-4962A8A3113F}.Ad-Hoc|iPhone.ActiveCfg = Release|Any CPU
		{1CE6588C-EE9F-4C30-81F7-4962A8A3113F}.Ad-Hoc|iPhone.Build.0 = Release|Any CPU
		{1CE6588C-EE9F-4C30-81F7-4962A8A3113F}.Ad-Hoc|iPhoneSimulator.ActiveCfg = Release|Any CPU
		{1CE6588C-EE9F-4C30-81F7-4962A8A3113F}.Ad-Hoc|iPhoneSimulator.Build.0 = Release|Any CPU
		{1CE6588C-EE9F-4C30-81F7-4962A8A3113F}.Ad-Hoc|x64.ActiveCfg = Release|Any CPU
		{1CE6588C-EE9F-4C30-81F7-4962A8A3113F}.Ad-Hoc|x64.Build.0 = Release|Any CPU
		{1CE6588C-EE9F-4C30-81F7-4962A8A3113F}.Ad-Hoc|x86.ActiveCfg = Release|Any CPU
		{1CE6588C-EE9F-4C30-81F7-4962A8A3113F}.Ad-Hoc|x86.Build.0 = Release|Any CPU
		{1CE6588C-EE9F-4C30-81F7-4962A8A3113F}.AppStore|Any CPU.ActiveCfg = Release|Any CPU
		{1CE6588C-EE9F-4C30-81F7-4962A8A3113F}.AppStore|Any CPU.Build.0 = Release|Any CPU
		{1CE6588C-EE9F-4C30-81F7-4962A8A3113F}.AppStore|ARM.ActiveCfg = Release|Any CPU
		{1CE6588C-EE9F-4C30-81F7-4962A8A3113F}.AppStore|ARM.Build.0 = Release|Any CPU
		{1CE6588C-EE9F-4C30-81F7-4962A8A3113F}.AppStore|iPhone.ActiveCfg = Release|Any CPU
		{1CE6588C-EE9F-4C30-81F7-4962A8A3113F}.AppStore|iPhone.Build.0 = Release|Any CPU
		{1CE6588C-EE9F-4C30-81F7-4962A8A3113F}.AppStore|iPhoneSimulator.ActiveCfg = Release|Any CPU
		{1CE6588C-EE9F-4C30-81F7-4962A8A3113F}.AppStore|iPhoneSimulator.Build.0 = Release|Any CPU
		{1CE6588C-EE9F-4C30-81F7-4962A8A3113F}.AppStore|x64.ActiveCfg = Release|Any CPU
		{1CE6588C-EE9F-4C30-81F7-4962A8A3113F}.AppStore|x64.Build.0 = Release|Any CPU
		{1CE6588C-EE9F-4C30-81F7-4962A8A3113F}.AppStore|x86.ActiveCfg = Release|Any CPU
		{1CE6588C-EE9F-4C30-81F7-4962A8A3113F}.AppStore|x86.Build.0 = Release|Any CPU
		{1CE6588C-EE9F-4C30-81F7-4962A8A3113F}.Debug|Any CPU.ActiveCfg = Debug|Any CPU
		{1CE6588C-EE9F-4C30-81F7-4962A8A3113F}.Debug|Any CPU.Build.0 = Debug|Any CPU
		{1CE6588C-EE9F-4C30-81F7-4962A8A3113F}.Debug|ARM.ActiveCfg = Debug|Any CPU
		{1CE6588C-EE9F-4C30-81F7-4962A8A3113F}.Debug|ARM.Build.0 = Debug|Any CPU
		{1CE6588C-EE9F-4C30-81F7-4962A8A3113F}.Debug|iPhone.ActiveCfg = Debug|Any CPU
		{1CE6588C-EE9F-4C30-81F7-4962A8A3113F}.Debug|iPhone.Build.0 = Debug|Any CPU
		{1CE6588C-EE9F-4C30-81F7-4962A8A3113F}.Debug|iPhoneSimulator.ActiveCfg = Debug|Any CPU
		{1CE6588C-EE9F-4C30-81F7-4962A8A3113F}.Debug|iPhoneSimulator.Build.0 = Debug|Any CPU
		{1CE6588C-EE9F-4C30-81F7-4962A8A3113F}.Debug|x64.ActiveCfg = Debug|Any CPU
		{1CE6588C-EE9F-4C30-81F7-4962A8A3113F}.Debug|x64.Build.0 = Debug|Any CPU
		{1CE6588C-EE9F-4C30-81F7-4962A8A3113F}.Debug|x86.ActiveCfg = Debug|Any CPU
		{1CE6588C-EE9F-4C30-81F7-4962A8A3113F}.Debug|x86.Build.0 = Debug|Any CPU
		{1CE6588C-EE9F-4C30-81F7-4962A8A3113F}.Release|Any CPU.ActiveCfg = Release|Any CPU
		{1CE6588C-EE9F-4C30-81F7-4962A8A3113F}.Release|Any CPU.Build.0 = Release|Any CPU
		{1CE6588C-EE9F-4C30-81F7-4962A8A3113F}.Release|ARM.ActiveCfg = Release|Any CPU
		{1CE6588C-EE9F-4C30-81F7-4962A8A3113F}.Release|ARM.Build.0 = Release|Any CPU
		{1CE6588C-EE9F-4C30-81F7-4962A8A3113F}.Release|iPhone.ActiveCfg = Release|Any CPU
		{1CE6588C-EE9F-4C30-81F7-4962A8A3113F}.Release|iPhone.Build.0 = Release|Any CPU
		{1CE6588C-EE9F-4C30-81F7-4962A8A3113F}.Release|iPhoneSimulator.ActiveCfg = Release|Any CPU
		{1CE6588C-EE9F-4C30-81F7-4962A8A3113F}.Release|iPhoneSimulator.Build.0 = Release|Any CPU
		{1CE6588C-EE9F-4C30-81F7-4962A8A3113F}.Release|x64.ActiveCfg = Release|Any CPU
		{1CE6588C-EE9F-4C30-81F7-4962A8A3113F}.Release|x64.Build.0 = Release|Any CPU
		{1CE6588C-EE9F-4C30-81F7-4962A8A3113F}.Release|x86.ActiveCfg = Release|Any CPU
		{1CE6588C-EE9F-4C30-81F7-4962A8A3113F}.Release|x86.Build.0 = Release|Any CPU
		{4BC2AC09-FE21-44C2-8F8D-D5513E373664}.Ad-Hoc|Any CPU.ActiveCfg = Release|Any CPU
		{4BC2AC09-FE21-44C2-8F8D-D5513E373664}.Ad-Hoc|Any CPU.Build.0 = Release|Any CPU
		{4BC2AC09-FE21-44C2-8F8D-D5513E373664}.Ad-Hoc|ARM.ActiveCfg = Release|Any CPU
		{4BC2AC09-FE21-44C2-8F8D-D5513E373664}.Ad-Hoc|ARM.Build.0 = Release|Any CPU
		{4BC2AC09-FE21-44C2-8F8D-D5513E373664}.Ad-Hoc|iPhone.ActiveCfg = Release|Any CPU
		{4BC2AC09-FE21-44C2-8F8D-D5513E373664}.Ad-Hoc|iPhone.Build.0 = Release|Any CPU
		{4BC2AC09-FE21-44C2-8F8D-D5513E373664}.Ad-Hoc|iPhoneSimulator.ActiveCfg = Release|Any CPU
		{4BC2AC09-FE21-44C2-8F8D-D5513E373664}.Ad-Hoc|iPhoneSimulator.Build.0 = Release|Any CPU
		{4BC2AC09-FE21-44C2-8F8D-D5513E373664}.Ad-Hoc|x64.ActiveCfg = Release|Any CPU
		{4BC2AC09-FE21-44C2-8F8D-D5513E373664}.Ad-Hoc|x64.Build.0 = Release|Any CPU
		{4BC2AC09-FE21-44C2-8F8D-D5513E373664}.Ad-Hoc|x86.ActiveCfg = Release|Any CPU
		{4BC2AC09-FE21-44C2-8F8D-D5513E373664}.Ad-Hoc|x86.Build.0 = Release|Any CPU
		{4BC2AC09-FE21-44C2-8F8D-D5513E373664}.AppStore|Any CPU.ActiveCfg = Release|Any CPU
		{4BC2AC09-FE21-44C2-8F8D-D5513E373664}.AppStore|Any CPU.Build.0 = Release|Any CPU
		{4BC2AC09-FE21-44C2-8F8D-D5513E373664}.AppStore|ARM.ActiveCfg = Release|Any CPU
		{4BC2AC09-FE21-44C2-8F8D-D5513E373664}.AppStore|ARM.Build.0 = Release|Any CPU
		{4BC2AC09-FE21-44C2-8F8D-D5513E373664}.AppStore|iPhone.ActiveCfg = Release|Any CPU
		{4BC2AC09-FE21-44C2-8F8D-D5513E373664}.AppStore|iPhone.Build.0 = Release|Any CPU
		{4BC2AC09-FE21-44C2-8F8D-D5513E373664}.AppStore|iPhoneSimulator.ActiveCfg = Release|Any CPU
		{4BC2AC09-FE21-44C2-8F8D-D5513E373664}.AppStore|iPhoneSimulator.Build.0 = Release|Any CPU
		{4BC2AC09-FE21-44C2-8F8D-D5513E373664}.AppStore|x64.ActiveCfg = Release|Any CPU
		{4BC2AC09-FE21-44C2-8F8D-D5513E373664}.AppStore|x64.Build.0 = Release|Any CPU
		{4BC2AC09-FE21-44C2-8F8D-D5513E373664}.AppStore|x86.ActiveCfg = Release|Any CPU
		{4BC2AC09-FE21-44C2-8F8D-D5513E373664}.AppStore|x86.Build.0 = Release|Any CPU
		{4BC2AC09-FE21-44C2-8F8D-D5513E373664}.Debug|Any CPU.ActiveCfg = Debug|Any CPU
		{4BC2AC09-FE21-44C2-8F8D-D5513E373664}.Debug|Any CPU.Build.0 = Debug|Any CPU
		{4BC2AC09-FE21-44C2-8F8D-D5513E373664}.Debug|ARM.ActiveCfg = Debug|Any CPU
		{4BC2AC09-FE21-44C2-8F8D-D5513E373664}.Debug|ARM.Build.0 = Debug|Any CPU
		{4BC2AC09-FE21-44C2-8F8D-D5513E373664}.Debug|iPhone.ActiveCfg = Debug|Any CPU
		{4BC2AC09-FE21-44C2-8F8D-D5513E373664}.Debug|iPhone.Build.0 = Debug|Any CPU
		{4BC2AC09-FE21-44C2-8F8D-D5513E373664}.Debug|iPhoneSimulator.ActiveCfg = Debug|Any CPU
		{4BC2AC09-FE21-44C2-8F8D-D5513E373664}.Debug|iPhoneSimulator.Build.0 = Debug|Any CPU
		{4BC2AC09-FE21-44C2-8F8D-D5513E373664}.Debug|x64.ActiveCfg = Debug|Any CPU
		{4BC2AC09-FE21-44C2-8F8D-D5513E373664}.Debug|x64.Build.0 = Debug|Any CPU
		{4BC2AC09-FE21-44C2-8F8D-D5513E373664}.Debug|x86.ActiveCfg = Debug|Any CPU
		{4BC2AC09-FE21-44C2-8F8D-D5513E373664}.Debug|x86.Build.0 = Debug|Any CPU
		{4BC2AC09-FE21-44C2-8F8D-D5513E373664}.Release|Any CPU.ActiveCfg = Release|Any CPU
		{4BC2AC09-FE21-44C2-8F8D-D5513E373664}.Release|Any CPU.Build.0 = Release|Any CPU
		{4BC2AC09-FE21-44C2-8F8D-D5513E373664}.Release|ARM.ActiveCfg = Release|Any CPU
		{4BC2AC09-FE21-44C2-8F8D-D5513E373664}.Release|ARM.Build.0 = Release|Any CPU
		{4BC2AC09-FE21-44C2-8F8D-D5513E373664}.Release|iPhone.ActiveCfg = Release|Any CPU
		{4BC2AC09-FE21-44C2-8F8D-D5513E373664}.Release|iPhone.Build.0 = Release|Any CPU
		{4BC2AC09-FE21-44C2-8F8D-D5513E373664}.Release|iPhoneSimulator.ActiveCfg = Release|Any CPU
		{4BC2AC09-FE21-44C2-8F8D-D5513E373664}.Release|iPhoneSimulator.Build.0 = Release|Any CPU
		{4BC2AC09-FE21-44C2-8F8D-D5513E373664}.Release|x64.ActiveCfg = Release|Any CPU
		{4BC2AC09-FE21-44C2-8F8D-D5513E373664}.Release|x64.Build.0 = Release|Any CPU
		{4BC2AC09-FE21-44C2-8F8D-D5513E373664}.Release|x86.ActiveCfg = Release|Any CPU
		{4BC2AC09-FE21-44C2-8F8D-D5513E373664}.Release|x86.Build.0 = Release|Any CPU
		{8F75CD26-3426-43F9-ACCE-EDD941F8D1F3}.Ad-Hoc|Any CPU.ActiveCfg = Debug|Any CPU
		{8F75CD26-3426-43F9-ACCE-EDD941F8D1F3}.Ad-Hoc|Any CPU.Build.0 = Debug|Any CPU
		{8F75CD26-3426-43F9-ACCE-EDD941F8D1F3}.Ad-Hoc|ARM.ActiveCfg = Debug|Any CPU
		{8F75CD26-3426-43F9-ACCE-EDD941F8D1F3}.Ad-Hoc|ARM.Build.0 = Debug|Any CPU
		{8F75CD26-3426-43F9-ACCE-EDD941F8D1F3}.Ad-Hoc|iPhone.ActiveCfg = Debug|Any CPU
		{8F75CD26-3426-43F9-ACCE-EDD941F8D1F3}.Ad-Hoc|iPhone.Build.0 = Debug|Any CPU
		{8F75CD26-3426-43F9-ACCE-EDD941F8D1F3}.Ad-Hoc|iPhoneSimulator.ActiveCfg = Debug|Any CPU
		{8F75CD26-3426-43F9-ACCE-EDD941F8D1F3}.Ad-Hoc|iPhoneSimulator.Build.0 = Debug|Any CPU
		{8F75CD26-3426-43F9-ACCE-EDD941F8D1F3}.Ad-Hoc|x64.ActiveCfg = Debug|Any CPU
		{8F75CD26-3426-43F9-ACCE-EDD941F8D1F3}.Ad-Hoc|x64.Build.0 = Debug|Any CPU
		{8F75CD26-3426-43F9-ACCE-EDD941F8D1F3}.Ad-Hoc|x86.ActiveCfg = Debug|Any CPU
		{8F75CD26-3426-43F9-ACCE-EDD941F8D1F3}.Ad-Hoc|x86.Build.0 = Debug|Any CPU
		{8F75CD26-3426-43F9-ACCE-EDD941F8D1F3}.AppStore|Any CPU.ActiveCfg = Debug|Any CPU
		{8F75CD26-3426-43F9-ACCE-EDD941F8D1F3}.AppStore|Any CPU.Build.0 = Debug|Any CPU
		{8F75CD26-3426-43F9-ACCE-EDD941F8D1F3}.AppStore|ARM.ActiveCfg = Debug|Any CPU
		{8F75CD26-3426-43F9-ACCE-EDD941F8D1F3}.AppStore|ARM.Build.0 = Debug|Any CPU
		{8F75CD26-3426-43F9-ACCE-EDD941F8D1F3}.AppStore|iPhone.ActiveCfg = Debug|Any CPU
		{8F75CD26-3426-43F9-ACCE-EDD941F8D1F3}.AppStore|iPhone.Build.0 = Debug|Any CPU
		{8F75CD26-3426-43F9-ACCE-EDD941F8D1F3}.AppStore|iPhoneSimulator.ActiveCfg = Debug|Any CPU
		{8F75CD26-3426-43F9-ACCE-EDD941F8D1F3}.AppStore|iPhoneSimulator.Build.0 = Debug|Any CPU
		{8F75CD26-3426-43F9-ACCE-EDD941F8D1F3}.AppStore|x64.ActiveCfg = Debug|Any CPU
		{8F75CD26-3426-43F9-ACCE-EDD941F8D1F3}.AppStore|x64.Build.0 = Debug|Any CPU
		{8F75CD26-3426-43F9-ACCE-EDD941F8D1F3}.AppStore|x86.ActiveCfg = Debug|Any CPU
		{8F75CD26-3426-43F9-ACCE-EDD941F8D1F3}.AppStore|x86.Build.0 = Debug|Any CPU
		{8F75CD26-3426-43F9-ACCE-EDD941F8D1F3}.Debug|Any CPU.ActiveCfg = Debug|Any CPU
		{8F75CD26-3426-43F9-ACCE-EDD941F8D1F3}.Debug|Any CPU.Build.0 = Debug|Any CPU
		{8F75CD26-3426-43F9-ACCE-EDD941F8D1F3}.Debug|ARM.ActiveCfg = Debug|Any CPU
		{8F75CD26-3426-43F9-ACCE-EDD941F8D1F3}.Debug|ARM.Build.0 = Debug|Any CPU
		{8F75CD26-3426-43F9-ACCE-EDD941F8D1F3}.Debug|iPhone.ActiveCfg = Debug|Any CPU
		{8F75CD26-3426-43F9-ACCE-EDD941F8D1F3}.Debug|iPhone.Build.0 = Debug|Any CPU
		{8F75CD26-3426-43F9-ACCE-EDD941F8D1F3}.Debug|iPhoneSimulator.ActiveCfg = Debug|Any CPU
		{8F75CD26-3426-43F9-ACCE-EDD941F8D1F3}.Debug|iPhoneSimulator.Build.0 = Debug|Any CPU
		{8F75CD26-3426-43F9-ACCE-EDD941F8D1F3}.Debug|x64.ActiveCfg = Debug|Any CPU
		{8F75CD26-3426-43F9-ACCE-EDD941F8D1F3}.Debug|x64.Build.0 = Debug|Any CPU
		{8F75CD26-3426-43F9-ACCE-EDD941F8D1F3}.Debug|x86.ActiveCfg = Debug|Any CPU
		{8F75CD26-3426-43F9-ACCE-EDD941F8D1F3}.Debug|x86.Build.0 = Debug|Any CPU
		{8F75CD26-3426-43F9-ACCE-EDD941F8D1F3}.Release|Any CPU.ActiveCfg = Release|Any CPU
		{8F75CD26-3426-43F9-ACCE-EDD941F8D1F3}.Release|Any CPU.Build.0 = Release|Any CPU
		{8F75CD26-3426-43F9-ACCE-EDD941F8D1F3}.Release|ARM.ActiveCfg = Release|Any CPU
		{8F75CD26-3426-43F9-ACCE-EDD941F8D1F3}.Release|ARM.Build.0 = Release|Any CPU
		{8F75CD26-3426-43F9-ACCE-EDD941F8D1F3}.Release|iPhone.ActiveCfg = Release|Any CPU
		{8F75CD26-3426-43F9-ACCE-EDD941F8D1F3}.Release|iPhone.Build.0 = Release|Any CPU
		{8F75CD26-3426-43F9-ACCE-EDD941F8D1F3}.Release|iPhoneSimulator.ActiveCfg = Release|Any CPU
		{8F75CD26-3426-43F9-ACCE-EDD941F8D1F3}.Release|iPhoneSimulator.Build.0 = Release|Any CPU
		{8F75CD26-3426-43F9-ACCE-EDD941F8D1F3}.Release|x64.ActiveCfg = Release|Any CPU
		{8F75CD26-3426-43F9-ACCE-EDD941F8D1F3}.Release|x64.Build.0 = Release|Any CPU
		{8F75CD26-3426-43F9-ACCE-EDD941F8D1F3}.Release|x86.ActiveCfg = Release|Any CPU
		{8F75CD26-3426-43F9-ACCE-EDD941F8D1F3}.Release|x86.Build.0 = Release|Any CPU
		{2A79E9C8-E46F-402A-8CCB-98BF626EED6C}.Ad-Hoc|Any CPU.ActiveCfg = Debug|Any CPU
		{2A79E9C8-E46F-402A-8CCB-98BF626EED6C}.Ad-Hoc|Any CPU.Build.0 = Debug|Any CPU
		{2A79E9C8-E46F-402A-8CCB-98BF626EED6C}.Ad-Hoc|ARM.ActiveCfg = Debug|Any CPU
		{2A79E9C8-E46F-402A-8CCB-98BF626EED6C}.Ad-Hoc|ARM.Build.0 = Debug|Any CPU
		{2A79E9C8-E46F-402A-8CCB-98BF626EED6C}.Ad-Hoc|iPhone.ActiveCfg = Debug|Any CPU
		{2A79E9C8-E46F-402A-8CCB-98BF626EED6C}.Ad-Hoc|iPhone.Build.0 = Debug|Any CPU
		{2A79E9C8-E46F-402A-8CCB-98BF626EED6C}.Ad-Hoc|iPhoneSimulator.ActiveCfg = Debug|Any CPU
		{2A79E9C8-E46F-402A-8CCB-98BF626EED6C}.Ad-Hoc|iPhoneSimulator.Build.0 = Debug|Any CPU
		{2A79E9C8-E46F-402A-8CCB-98BF626EED6C}.Ad-Hoc|x64.ActiveCfg = Debug|Any CPU
		{2A79E9C8-E46F-402A-8CCB-98BF626EED6C}.Ad-Hoc|x64.Build.0 = Debug|Any CPU
		{2A79E9C8-E46F-402A-8CCB-98BF626EED6C}.Ad-Hoc|x86.ActiveCfg = Debug|Any CPU
		{2A79E9C8-E46F-402A-8CCB-98BF626EED6C}.Ad-Hoc|x86.Build.0 = Debug|Any CPU
		{2A79E9C8-E46F-402A-8CCB-98BF626EED6C}.AppStore|Any CPU.ActiveCfg = Debug|Any CPU
		{2A79E9C8-E46F-402A-8CCB-98BF626EED6C}.AppStore|Any CPU.Build.0 = Debug|Any CPU
		{2A79E9C8-E46F-402A-8CCB-98BF626EED6C}.AppStore|ARM.ActiveCfg = Debug|Any CPU
		{2A79E9C8-E46F-402A-8CCB-98BF626EED6C}.AppStore|ARM.Build.0 = Debug|Any CPU
		{2A79E9C8-E46F-402A-8CCB-98BF626EED6C}.AppStore|iPhone.ActiveCfg = Debug|Any CPU
		{2A79E9C8-E46F-402A-8CCB-98BF626EED6C}.AppStore|iPhone.Build.0 = Debug|Any CPU
		{2A79E9C8-E46F-402A-8CCB-98BF626EED6C}.AppStore|iPhoneSimulator.ActiveCfg = Debug|Any CPU
		{2A79E9C8-E46F-402A-8CCB-98BF626EED6C}.AppStore|iPhoneSimulator.Build.0 = Debug|Any CPU
		{2A79E9C8-E46F-402A-8CCB-98BF626EED6C}.AppStore|x64.ActiveCfg = Debug|Any CPU
		{2A79E9C8-E46F-402A-8CCB-98BF626EED6C}.AppStore|x64.Build.0 = Debug|Any CPU
		{2A79E9C8-E46F-402A-8CCB-98BF626EED6C}.AppStore|x86.ActiveCfg = Debug|Any CPU
		{2A79E9C8-E46F-402A-8CCB-98BF626EED6C}.AppStore|x86.Build.0 = Debug|Any CPU
		{2A79E9C8-E46F-402A-8CCB-98BF626EED6C}.Debug|Any CPU.ActiveCfg = Debug|Any CPU
		{2A79E9C8-E46F-402A-8CCB-98BF626EED6C}.Debug|Any CPU.Build.0 = Debug|Any CPU
		{2A79E9C8-E46F-402A-8CCB-98BF626EED6C}.Debug|ARM.ActiveCfg = Debug|Any CPU
		{2A79E9C8-E46F-402A-8CCB-98BF626EED6C}.Debug|ARM.Build.0 = Debug|Any CPU
		{2A79E9C8-E46F-402A-8CCB-98BF626EED6C}.Debug|iPhone.ActiveCfg = Debug|Any CPU
		{2A79E9C8-E46F-402A-8CCB-98BF626EED6C}.Debug|iPhone.Build.0 = Debug|Any CPU
		{2A79E9C8-E46F-402A-8CCB-98BF626EED6C}.Debug|iPhoneSimulator.ActiveCfg = Debug|Any CPU
		{2A79E9C8-E46F-402A-8CCB-98BF626EED6C}.Debug|iPhoneSimulator.Build.0 = Debug|Any CPU
		{2A79E9C8-E46F-402A-8CCB-98BF626EED6C}.Debug|x64.ActiveCfg = Debug|Any CPU
		{2A79E9C8-E46F-402A-8CCB-98BF626EED6C}.Debug|x64.Build.0 = Debug|Any CPU
		{2A79E9C8-E46F-402A-8CCB-98BF626EED6C}.Debug|x86.ActiveCfg = Debug|Any CPU
		{2A79E9C8-E46F-402A-8CCB-98BF626EED6C}.Debug|x86.Build.0 = Debug|Any CPU
		{2A79E9C8-E46F-402A-8CCB-98BF626EED6C}.Release|Any CPU.ActiveCfg = Release|Any CPU
		{2A79E9C8-E46F-402A-8CCB-98BF626EED6C}.Release|Any CPU.Build.0 = Release|Any CPU
		{2A79E9C8-E46F-402A-8CCB-98BF626EED6C}.Release|ARM.ActiveCfg = Release|Any CPU
		{2A79E9C8-E46F-402A-8CCB-98BF626EED6C}.Release|ARM.Build.0 = Release|Any CPU
		{2A79E9C8-E46F-402A-8CCB-98BF626EED6C}.Release|iPhone.ActiveCfg = Release|Any CPU
		{2A79E9C8-E46F-402A-8CCB-98BF626EED6C}.Release|iPhone.Build.0 = Release|Any CPU
		{2A79E9C8-E46F-402A-8CCB-98BF626EED6C}.Release|iPhoneSimulator.ActiveCfg = Release|Any CPU
		{2A79E9C8-E46F-402A-8CCB-98BF626EED6C}.Release|iPhoneSimulator.Build.0 = Release|Any CPU
		{2A79E9C8-E46F-402A-8CCB-98BF626EED6C}.Release|x64.ActiveCfg = Release|Any CPU
		{2A79E9C8-E46F-402A-8CCB-98BF626EED6C}.Release|x64.Build.0 = Release|Any CPU
		{2A79E9C8-E46F-402A-8CCB-98BF626EED6C}.Release|x86.ActiveCfg = Release|Any CPU
		{2A79E9C8-E46F-402A-8CCB-98BF626EED6C}.Release|x86.Build.0 = Release|Any CPU
		{44D476D4-8691-4494-819F-8F7437D43176}.Ad-Hoc|Any CPU.ActiveCfg = Release|Any CPU
		{44D476D4-8691-4494-819F-8F7437D43176}.Ad-Hoc|Any CPU.Build.0 = Release|Any CPU
		{44D476D4-8691-4494-819F-8F7437D43176}.Ad-Hoc|ARM.ActiveCfg = Release|Any CPU
		{44D476D4-8691-4494-819F-8F7437D43176}.Ad-Hoc|ARM.Build.0 = Release|Any CPU
		{44D476D4-8691-4494-819F-8F7437D43176}.Ad-Hoc|iPhone.ActiveCfg = Release|Any CPU
		{44D476D4-8691-4494-819F-8F7437D43176}.Ad-Hoc|iPhone.Build.0 = Release|Any CPU
		{44D476D4-8691-4494-819F-8F7437D43176}.Ad-Hoc|iPhoneSimulator.ActiveCfg = Release|Any CPU
		{44D476D4-8691-4494-819F-8F7437D43176}.Ad-Hoc|iPhoneSimulator.Build.0 = Release|Any CPU
		{44D476D4-8691-4494-819F-8F7437D43176}.Ad-Hoc|x64.ActiveCfg = Release|Any CPU
		{44D476D4-8691-4494-819F-8F7437D43176}.Ad-Hoc|x64.Build.0 = Release|Any CPU
		{44D476D4-8691-4494-819F-8F7437D43176}.Ad-Hoc|x86.ActiveCfg = Release|Any CPU
		{44D476D4-8691-4494-819F-8F7437D43176}.Ad-Hoc|x86.Build.0 = Release|Any CPU
		{44D476D4-8691-4494-819F-8F7437D43176}.AppStore|Any CPU.ActiveCfg = Release|Any CPU
		{44D476D4-8691-4494-819F-8F7437D43176}.AppStore|Any CPU.Build.0 = Release|Any CPU
		{44D476D4-8691-4494-819F-8F7437D43176}.AppStore|ARM.ActiveCfg = Release|Any CPU
		{44D476D4-8691-4494-819F-8F7437D43176}.AppStore|ARM.Build.0 = Release|Any CPU
		{44D476D4-8691-4494-819F-8F7437D43176}.AppStore|iPhone.ActiveCfg = Release|Any CPU
		{44D476D4-8691-4494-819F-8F7437D43176}.AppStore|iPhone.Build.0 = Release|Any CPU
		{44D476D4-8691-4494-819F-8F7437D43176}.AppStore|iPhoneSimulator.ActiveCfg = Release|Any CPU
		{44D476D4-8691-4494-819F-8F7437D43176}.AppStore|iPhoneSimulator.Build.0 = Release|Any CPU
		{44D476D4-8691-4494-819F-8F7437D43176}.AppStore|x64.ActiveCfg = Release|Any CPU
		{44D476D4-8691-4494-819F-8F7437D43176}.AppStore|x64.Build.0 = Release|Any CPU
		{44D476D4-8691-4494-819F-8F7437D43176}.AppStore|x86.ActiveCfg = Release|Any CPU
		{44D476D4-8691-4494-819F-8F7437D43176}.AppStore|x86.Build.0 = Release|Any CPU
		{44D476D4-8691-4494-819F-8F7437D43176}.Debug|Any CPU.ActiveCfg = Debug|Any CPU
		{44D476D4-8691-4494-819F-8F7437D43176}.Debug|Any CPU.Build.0 = Debug|Any CPU
		{44D476D4-8691-4494-819F-8F7437D43176}.Debug|ARM.ActiveCfg = Debug|Any CPU
		{44D476D4-8691-4494-819F-8F7437D43176}.Debug|ARM.Build.0 = Debug|Any CPU
		{44D476D4-8691-4494-819F-8F7437D43176}.Debug|iPhone.ActiveCfg = Debug|Any CPU
		{44D476D4-8691-4494-819F-8F7437D43176}.Debug|iPhone.Build.0 = Debug|Any CPU
		{44D476D4-8691-4494-819F-8F7437D43176}.Debug|iPhoneSimulator.ActiveCfg = Debug|Any CPU
		{44D476D4-8691-4494-819F-8F7437D43176}.Debug|iPhoneSimulator.Build.0 = Debug|Any CPU
		{44D476D4-8691-4494-819F-8F7437D43176}.Debug|x64.ActiveCfg = Debug|Any CPU
		{44D476D4-8691-4494-819F-8F7437D43176}.Debug|x64.Build.0 = Debug|Any CPU
		{44D476D4-8691-4494-819F-8F7437D43176}.Debug|x86.ActiveCfg = Debug|Any CPU
		{44D476D4-8691-4494-819F-8F7437D43176}.Debug|x86.Build.0 = Debug|Any CPU
		{44D476D4-8691-4494-819F-8F7437D43176}.Release|Any CPU.ActiveCfg = Release|Any CPU
		{44D476D4-8691-4494-819F-8F7437D43176}.Release|Any CPU.Build.0 = Release|Any CPU
		{44D476D4-8691-4494-819F-8F7437D43176}.Release|ARM.ActiveCfg = Release|Any CPU
		{44D476D4-8691-4494-819F-8F7437D43176}.Release|ARM.Build.0 = Release|Any CPU
		{44D476D4-8691-4494-819F-8F7437D43176}.Release|iPhone.ActiveCfg = Release|Any CPU
		{44D476D4-8691-4494-819F-8F7437D43176}.Release|iPhone.Build.0 = Release|Any CPU
		{44D476D4-8691-4494-819F-8F7437D43176}.Release|iPhoneSimulator.ActiveCfg = Release|Any CPU
		{44D476D4-8691-4494-819F-8F7437D43176}.Release|iPhoneSimulator.Build.0 = Release|Any CPU
		{44D476D4-8691-4494-819F-8F7437D43176}.Release|x64.ActiveCfg = Release|Any CPU
		{44D476D4-8691-4494-819F-8F7437D43176}.Release|x64.Build.0 = Release|Any CPU
		{44D476D4-8691-4494-819F-8F7437D43176}.Release|x86.ActiveCfg = Release|Any CPU
		{44D476D4-8691-4494-819F-8F7437D43176}.Release|x86.Build.0 = Release|Any CPU
		{E430E859-B309-4F08-A63C-E821ED7E9F96}.Ad-Hoc|Any CPU.ActiveCfg = Release|Any CPU
		{E430E859-B309-4F08-A63C-E821ED7E9F96}.Ad-Hoc|Any CPU.Build.0 = Release|Any CPU
		{E430E859-B309-4F08-A63C-E821ED7E9F96}.Ad-Hoc|ARM.ActiveCfg = Release|Any CPU
		{E430E859-B309-4F08-A63C-E821ED7E9F96}.Ad-Hoc|ARM.Build.0 = Release|Any CPU
		{E430E859-B309-4F08-A63C-E821ED7E9F96}.Ad-Hoc|iPhone.ActiveCfg = Release|Any CPU
		{E430E859-B309-4F08-A63C-E821ED7E9F96}.Ad-Hoc|iPhone.Build.0 = Release|Any CPU
		{E430E859-B309-4F08-A63C-E821ED7E9F96}.Ad-Hoc|iPhoneSimulator.ActiveCfg = Release|Any CPU
		{E430E859-B309-4F08-A63C-E821ED7E9F96}.Ad-Hoc|iPhoneSimulator.Build.0 = Release|Any CPU
		{E430E859-B309-4F08-A63C-E821ED7E9F96}.Ad-Hoc|x64.ActiveCfg = Release|Any CPU
		{E430E859-B309-4F08-A63C-E821ED7E9F96}.Ad-Hoc|x64.Build.0 = Release|Any CPU
		{E430E859-B309-4F08-A63C-E821ED7E9F96}.Ad-Hoc|x86.ActiveCfg = Release|Any CPU
		{E430E859-B309-4F08-A63C-E821ED7E9F96}.Ad-Hoc|x86.Build.0 = Release|Any CPU
		{E430E859-B309-4F08-A63C-E821ED7E9F96}.AppStore|Any CPU.ActiveCfg = Release|Any CPU
		{E430E859-B309-4F08-A63C-E821ED7E9F96}.AppStore|Any CPU.Build.0 = Release|Any CPU
		{E430E859-B309-4F08-A63C-E821ED7E9F96}.AppStore|ARM.ActiveCfg = Release|Any CPU
		{E430E859-B309-4F08-A63C-E821ED7E9F96}.AppStore|ARM.Build.0 = Release|Any CPU
		{E430E859-B309-4F08-A63C-E821ED7E9F96}.AppStore|iPhone.ActiveCfg = Release|Any CPU
		{E430E859-B309-4F08-A63C-E821ED7E9F96}.AppStore|iPhone.Build.0 = Release|Any CPU
		{E430E859-B309-4F08-A63C-E821ED7E9F96}.AppStore|iPhoneSimulator.ActiveCfg = Release|Any CPU
		{E430E859-B309-4F08-A63C-E821ED7E9F96}.AppStore|iPhoneSimulator.Build.0 = Release|Any CPU
		{E430E859-B309-4F08-A63C-E821ED7E9F96}.AppStore|x64.ActiveCfg = Release|Any CPU
		{E430E859-B309-4F08-A63C-E821ED7E9F96}.AppStore|x64.Build.0 = Release|Any CPU
		{E430E859-B309-4F08-A63C-E821ED7E9F96}.AppStore|x86.ActiveCfg = Release|Any CPU
		{E430E859-B309-4F08-A63C-E821ED7E9F96}.AppStore|x86.Build.0 = Release|Any CPU
		{E430E859-B309-4F08-A63C-E821ED7E9F96}.Debug|Any CPU.ActiveCfg = Debug|Any CPU
		{E430E859-B309-4F08-A63C-E821ED7E9F96}.Debug|Any CPU.Build.0 = Debug|Any CPU
		{E430E859-B309-4F08-A63C-E821ED7E9F96}.Debug|ARM.ActiveCfg = Debug|Any CPU
		{E430E859-B309-4F08-A63C-E821ED7E9F96}.Debug|ARM.Build.0 = Debug|Any CPU
		{E430E859-B309-4F08-A63C-E821ED7E9F96}.Debug|iPhone.ActiveCfg = Debug|Any CPU
		{E430E859-B309-4F08-A63C-E821ED7E9F96}.Debug|iPhone.Build.0 = Debug|Any CPU
		{E430E859-B309-4F08-A63C-E821ED7E9F96}.Debug|iPhoneSimulator.ActiveCfg = Debug|Any CPU
		{E430E859-B309-4F08-A63C-E821ED7E9F96}.Debug|iPhoneSimulator.Build.0 = Debug|Any CPU
		{E430E859-B309-4F08-A63C-E821ED7E9F96}.Debug|x64.ActiveCfg = Debug|Any CPU
		{E430E859-B309-4F08-A63C-E821ED7E9F96}.Debug|x64.Build.0 = Debug|Any CPU
		{E430E859-B309-4F08-A63C-E821ED7E9F96}.Debug|x86.ActiveCfg = Debug|Any CPU
		{E430E859-B309-4F08-A63C-E821ED7E9F96}.Debug|x86.Build.0 = Debug|Any CPU
		{E430E859-B309-4F08-A63C-E821ED7E9F96}.Release|Any CPU.ActiveCfg = Release|Any CPU
		{E430E859-B309-4F08-A63C-E821ED7E9F96}.Release|Any CPU.Build.0 = Release|Any CPU
		{E430E859-B309-4F08-A63C-E821ED7E9F96}.Release|ARM.ActiveCfg = Release|Any CPU
		{E430E859-B309-4F08-A63C-E821ED7E9F96}.Release|ARM.Build.0 = Release|Any CPU
		{E430E859-B309-4F08-A63C-E821ED7E9F96}.Release|iPhone.ActiveCfg = Release|Any CPU
		{E430E859-B309-4F08-A63C-E821ED7E9F96}.Release|iPhone.Build.0 = Release|Any CPU
		{E430E859-B309-4F08-A63C-E821ED7E9F96}.Release|iPhoneSimulator.ActiveCfg = Release|Any CPU
		{E430E859-B309-4F08-A63C-E821ED7E9F96}.Release|iPhoneSimulator.Build.0 = Release|Any CPU
		{E430E859-B309-4F08-A63C-E821ED7E9F96}.Release|x64.ActiveCfg = Release|Any CPU
		{E430E859-B309-4F08-A63C-E821ED7E9F96}.Release|x64.Build.0 = Release|Any CPU
		{E430E859-B309-4F08-A63C-E821ED7E9F96}.Release|x86.ActiveCfg = Release|Any CPU
		{E430E859-B309-4F08-A63C-E821ED7E9F96}.Release|x86.Build.0 = Release|Any CPU
		{4E95667D-803A-40F7-BF72-0FF618A95DF9}.Ad-Hoc|Any CPU.ActiveCfg = Release|Any CPU
		{4E95667D-803A-40F7-BF72-0FF618A95DF9}.Ad-Hoc|Any CPU.Build.0 = Release|Any CPU
		{4E95667D-803A-40F7-BF72-0FF618A95DF9}.Ad-Hoc|ARM.ActiveCfg = Release|Any CPU
		{4E95667D-803A-40F7-BF72-0FF618A95DF9}.Ad-Hoc|ARM.Build.0 = Release|Any CPU
		{4E95667D-803A-40F7-BF72-0FF618A95DF9}.Ad-Hoc|iPhone.ActiveCfg = Release|Any CPU
		{4E95667D-803A-40F7-BF72-0FF618A95DF9}.Ad-Hoc|iPhone.Build.0 = Release|Any CPU
		{4E95667D-803A-40F7-BF72-0FF618A95DF9}.Ad-Hoc|iPhoneSimulator.ActiveCfg = Release|Any CPU
		{4E95667D-803A-40F7-BF72-0FF618A95DF9}.Ad-Hoc|iPhoneSimulator.Build.0 = Release|Any CPU
		{4E95667D-803A-40F7-BF72-0FF618A95DF9}.Ad-Hoc|x64.ActiveCfg = Release|Any CPU
		{4E95667D-803A-40F7-BF72-0FF618A95DF9}.Ad-Hoc|x64.Build.0 = Release|Any CPU
		{4E95667D-803A-40F7-BF72-0FF618A95DF9}.Ad-Hoc|x86.ActiveCfg = Release|Any CPU
		{4E95667D-803A-40F7-BF72-0FF618A95DF9}.Ad-Hoc|x86.Build.0 = Release|Any CPU
		{4E95667D-803A-40F7-BF72-0FF618A95DF9}.AppStore|Any CPU.ActiveCfg = Release|Any CPU
		{4E95667D-803A-40F7-BF72-0FF618A95DF9}.AppStore|Any CPU.Build.0 = Release|Any CPU
		{4E95667D-803A-40F7-BF72-0FF618A95DF9}.AppStore|ARM.ActiveCfg = Release|Any CPU
		{4E95667D-803A-40F7-BF72-0FF618A95DF9}.AppStore|ARM.Build.0 = Release|Any CPU
		{4E95667D-803A-40F7-BF72-0FF618A95DF9}.AppStore|iPhone.ActiveCfg = Release|Any CPU
		{4E95667D-803A-40F7-BF72-0FF618A95DF9}.AppStore|iPhone.Build.0 = Release|Any CPU
		{4E95667D-803A-40F7-BF72-0FF618A95DF9}.AppStore|iPhoneSimulator.ActiveCfg = Release|Any CPU
		{4E95667D-803A-40F7-BF72-0FF618A95DF9}.AppStore|iPhoneSimulator.Build.0 = Release|Any CPU
		{4E95667D-803A-40F7-BF72-0FF618A95DF9}.AppStore|x64.ActiveCfg = Release|Any CPU
		{4E95667D-803A-40F7-BF72-0FF618A95DF9}.AppStore|x64.Build.0 = Release|Any CPU
		{4E95667D-803A-40F7-BF72-0FF618A95DF9}.AppStore|x86.ActiveCfg = Release|Any CPU
		{4E95667D-803A-40F7-BF72-0FF618A95DF9}.AppStore|x86.Build.0 = Release|Any CPU
		{4E95667D-803A-40F7-BF72-0FF618A95DF9}.Debug|Any CPU.ActiveCfg = Debug|Any CPU
		{4E95667D-803A-40F7-BF72-0FF618A95DF9}.Debug|Any CPU.Build.0 = Debug|Any CPU
		{4E95667D-803A-40F7-BF72-0FF618A95DF9}.Debug|ARM.ActiveCfg = Debug|Any CPU
		{4E95667D-803A-40F7-BF72-0FF618A95DF9}.Debug|ARM.Build.0 = Debug|Any CPU
		{4E95667D-803A-40F7-BF72-0FF618A95DF9}.Debug|iPhone.ActiveCfg = Debug|Any CPU
		{4E95667D-803A-40F7-BF72-0FF618A95DF9}.Debug|iPhone.Build.0 = Debug|Any CPU
		{4E95667D-803A-40F7-BF72-0FF618A95DF9}.Debug|iPhoneSimulator.ActiveCfg = Debug|Any CPU
		{4E95667D-803A-40F7-BF72-0FF618A95DF9}.Debug|iPhoneSimulator.Build.0 = Debug|Any CPU
		{4E95667D-803A-40F7-BF72-0FF618A95DF9}.Debug|x64.ActiveCfg = Debug|Any CPU
		{4E95667D-803A-40F7-BF72-0FF618A95DF9}.Debug|x64.Build.0 = Debug|Any CPU
		{4E95667D-803A-40F7-BF72-0FF618A95DF9}.Debug|x86.ActiveCfg = Debug|Any CPU
		{4E95667D-803A-40F7-BF72-0FF618A95DF9}.Debug|x86.Build.0 = Debug|Any CPU
		{4E95667D-803A-40F7-BF72-0FF618A95DF9}.Release|Any CPU.ActiveCfg = Release|Any CPU
		{4E95667D-803A-40F7-BF72-0FF618A95DF9}.Release|Any CPU.Build.0 = Release|Any CPU
		{4E95667D-803A-40F7-BF72-0FF618A95DF9}.Release|ARM.ActiveCfg = Release|Any CPU
		{4E95667D-803A-40F7-BF72-0FF618A95DF9}.Release|ARM.Build.0 = Release|Any CPU
		{4E95667D-803A-40F7-BF72-0FF618A95DF9}.Release|iPhone.ActiveCfg = Release|Any CPU
		{4E95667D-803A-40F7-BF72-0FF618A95DF9}.Release|iPhone.Build.0 = Release|Any CPU
		{4E95667D-803A-40F7-BF72-0FF618A95DF9}.Release|iPhoneSimulator.ActiveCfg = Release|Any CPU
		{4E95667D-803A-40F7-BF72-0FF618A95DF9}.Release|iPhoneSimulator.Build.0 = Release|Any CPU
		{4E95667D-803A-40F7-BF72-0FF618A95DF9}.Release|x64.ActiveCfg = Release|Any CPU
		{4E95667D-803A-40F7-BF72-0FF618A95DF9}.Release|x64.Build.0 = Release|Any CPU
		{4E95667D-803A-40F7-BF72-0FF618A95DF9}.Release|x86.ActiveCfg = Release|Any CPU
		{4E95667D-803A-40F7-BF72-0FF618A95DF9}.Release|x86.Build.0 = Release|Any CPU
	EndGlobalSection
	GlobalSection(SolutionProperties) = preSolution
		HideSolutionNode = FALSE
	EndGlobalSection
	GlobalSection(NestedProjects) = preSolution
		{D57E916C-6BDE-4503-8777-866760F675FD} = {0B725B0F-E231-4A0C-B41C-FC36EDB79479}
		{67111BFB-62DE-493B-ACE5-195BDF4ECEDF} = {A17AEA05-5600-4D50-8E18-AEBAFB8F72AF}
		{27871104-BFD3-48B2-AD7D-871C797E0769} = {0B725B0F-E231-4A0C-B41C-FC36EDB79479}
		{344747A9-3462-4E9A-8557-68E4670E91FE} = {0B725B0F-E231-4A0C-B41C-FC36EDB79479}
		{AA830CF6-5429-41CF-9D54-338D8AC16B97} = {C558E01C-A9A0-4C1E-BA70-6A520FAEA230}
		{BC169E5E-858D-437C-8AF8-E30A7CEFE587} = {E06F21BF-3330-49BA-8711-483B10F255F8}
		{1CE6588C-EE9F-4C30-81F7-4962A8A3113F} = {A17AEA05-5600-4D50-8E18-AEBAFB8F72AF}
		{4BC2AC09-FE21-44C2-8F8D-D5513E373664} = {A17AEA05-5600-4D50-8E18-AEBAFB8F72AF}
		{8F75CD26-3426-43F9-ACCE-EDD941F8D1F3} = {AA830CF6-5429-41CF-9D54-338D8AC16B97}
		{2A79E9C8-E46F-402A-8CCB-98BF626EED6C} = {AA830CF6-5429-41CF-9D54-338D8AC16B97}
		{44D476D4-8691-4494-819F-8F7437D43176} = {E06F21BF-3330-49BA-8711-483B10F255F8}
		{E430E859-B309-4F08-A63C-E821ED7E9F96} = {A17AEA05-5600-4D50-8E18-AEBAFB8F72AF}
		{4E95667D-803A-40F7-BF72-0FF618A95DF9} = {67AF5964-E707-436C-ACA9-9495F169ECC7}
	EndGlobalSection
	GlobalSection(ExtensibilityGlobals) = postSolution
		SolutionGuid = {4A135D92-634D-403E-BBB6-1ADD03B2BAE1}
	EndGlobalSection
EndGlobal
