
Microsoft Visual Studio Solution File, Format Version 12.00
# Visual Studio 15
VisualStudioVersion = 15.0.26730.16
MinimumVisualStudioVersion = 10.0.40219.1
Project("{FAE04EC0-301F-11D3-BF4B-00C04F79EFBC}") = "PerformanceApp.Android", "PerformanceApp\PerformanceApp.Android\PerformanceApp.Android.csproj", "{7FD35F26-0251-4B34-9605-4681C613E670}"
EndProject
Project("{FAE04EC0-301F-11D3-BF4B-00C04F79EFBC}") = "PerformanceApp", "PerformanceApp\PerformanceApp\PerformanceApp.csproj", "{F327C1E9-4ABD-4481-98A9-E0666C528AEB}"
EndProject
Project("{FAE04EC0-301F-11D3-BF4B-00C04F79EFBC}") = "PerformanceApp.UWP", "PerformanceApp\PerformanceApp.UWP\PerformanceApp.UWP.csproj", "{E7DC3947-19AE-4BE8-8475-90C8896B5175}"
EndProject
Project("{FAE04EC0-301F-11D3-BF4B-00C04F79EFBC}") = "PerformanceApp.iOS", "PerformanceApp\PerformanceApp.iOS\PerformanceApp.iOS.csproj", "{97DE6F85-9C99-403F-AB7A-97C0050448DD}"
EndProject
Project("{2150E333-8FDC-42A3-9474-1A3956D46DE8}") = "01. Core", "01. Core", "{FB5B89B0-8B69-4BE8-8223-CEB043610C02}"
EndProject
Project("{2150E333-8FDC-42A3-9474-1A3956D46DE8}") = "02. Data", "02. Data", "{BB8903F1-1292-4B5D-89F0-ABB7B8051901}"
EndProject
Project("{2150E333-8FDC-42A3-9474-1A3956D46DE8}") = "03. Backend", "03. Backend", "{E1F1B57D-F88C-46E9-B957-43EC68503482}"
EndProject
Project("{2150E333-8FDC-42A3-9474-1A3956D46DE8}") = "04. App", "04. App", "{2B9DC90A-5025-4A94-AD0C-A42C190FDECB}"
EndProject
Project("{2150E333-8FDC-42A3-9474-1A3956D46DE8}") = "05. Mobile", "05. Mobile", "{3B2A069E-F7B8-46C4-800E-19EA1141EF51}"
EndProject
Project("{2150E333-8FDC-42A3-9474-1A3956D46DE8}") = "90. Tests", "90. Tests", "{7046C45C-4DEA-43BA-8D2D-9EAA94E7BA46}"
EndProject
Project("{FAE04EC0-301F-11D3-BF4B-00C04F79EFBC}") = "PerformanceApp.Views", "PerformanceApp.Views\PerformanceApp.Views.csproj", "{FEBD200A-EE95-4290-B36E-C4EE0B61727A}"
EndProject
Global
	GlobalSection(SolutionConfigurationPlatforms) = preSolution
		Ad-Hoc|Any CPU = Ad-Hoc|Any CPU
		Ad-Hoc|ARM = Ad-Hoc|ARM
		Ad-Hoc|iPhone = Ad-Hoc|iPhone
		Ad-Hoc|iPhoneSimulator = Ad-Hoc|iPhoneSimulator
		Ad-Hoc|x64 = Ad-Hoc|x64
		Ad-Hoc|x86 = Ad-Hoc|x86
		AppStore|Any CPU = AppStore|Any CPU
		AppStore|ARM = AppStore|ARM
		AppStore|iPhone = AppStore|iPhone
		AppStore|iPhoneSimulator = AppStore|iPhoneSimulator
		AppStore|x64 = AppStore|x64
		AppStore|x86 = AppStore|x86
		Debug|Any CPU = Debug|Any CPU
		Debug|ARM = Debug|ARM
		Debug|iPhone = Debug|iPhone
		Debug|iPhoneSimulator = Debug|iPhoneSimulator
		Debug|x64 = Debug|x64
		Debug|x86 = Debug|x86
		Release|Any CPU = Release|Any CPU
		Release|ARM = Release|ARM
		Release|iPhone = Release|iPhone
		Release|iPhoneSimulator = Release|iPhoneSimulator
		Release|x64 = Release|x64
		Release|x86 = Release|x86
	EndGlobalSection
	GlobalSection(ProjectConfigurationPlatforms) = postSolution
		{7FD35F26-0251-4B34-9605-4681C613E670}.Ad-Hoc|Any CPU.ActiveCfg = Release|Any CPU
		{7FD35F26-0251-4B34-9605-4681C613E670}.Ad-Hoc|Any CPU.Build.0 = Release|Any CPU
		{7FD35F26-0251-4B34-9605-4681C613E670}.Ad-Hoc|Any CPU.Deploy.0 = Release|Any CPU
		{7FD35F26-0251-4B34-9605-4681C613E670}.Ad-Hoc|ARM.ActiveCfg = Release|Any CPU
		{7FD35F26-0251-4B34-9605-4681C613E670}.Ad-Hoc|ARM.Build.0 = Release|Any CPU
		{7FD35F26-0251-4B34-9605-4681C613E670}.Ad-Hoc|ARM.Deploy.0 = Release|Any CPU
		{7FD35F26-0251-4B34-9605-4681C613E670}.Ad-Hoc|iPhone.ActiveCfg = Release|Any CPU
		{7FD35F26-0251-4B34-9605-4681C613E670}.Ad-Hoc|iPhone.Build.0 = Release|Any CPU
		{7FD35F26-0251-4B34-9605-4681C613E670}.Ad-Hoc|iPhone.Deploy.0 = Release|Any CPU
		{7FD35F26-0251-4B34-9605-4681C613E670}.Ad-Hoc|iPhoneSimulator.ActiveCfg = Release|Any CPU
		{7FD35F26-0251-4B34-9605-4681C613E670}.Ad-Hoc|iPhoneSimulator.Build.0 = Release|Any CPU
		{7FD35F26-0251-4B34-9605-4681C613E670}.Ad-Hoc|iPhoneSimulator.Deploy.0 = Release|Any CPU
		{7FD35F26-0251-4B34-9605-4681C613E670}.Ad-Hoc|x64.ActiveCfg = Release|Any CPU
		{7FD35F26-0251-4B34-9605-4681C613E670}.Ad-Hoc|x64.Build.0 = Release|Any CPU
		{7FD35F26-0251-4B34-9605-4681C613E670}.Ad-Hoc|x64.Deploy.0 = Release|Any CPU
		{7FD35F26-0251-4B34-9605-4681C613E670}.Ad-Hoc|x86.ActiveCfg = Release|Any CPU
		{7FD35F26-0251-4B34-9605-4681C613E670}.Ad-Hoc|x86.Build.0 = Release|Any CPU
		{7FD35F26-0251-4B34-9605-4681C613E670}.Ad-Hoc|x86.Deploy.0 = Release|Any CPU
		{7FD35F26-0251-4B34-9605-4681C613E670}.AppStore|Any CPU.ActiveCfg = Release|Any CPU
		{7FD35F26-0251-4B34-9605-4681C613E670}.AppStore|Any CPU.Build.0 = Release|Any CPU
		{7FD35F26-0251-4B34-9605-4681C613E670}.AppStore|Any CPU.Deploy.0 = Release|Any CPU
		{7FD35F26-0251-4B34-9605-4681C613E670}.AppStore|ARM.ActiveCfg = Release|Any CPU
		{7FD35F26-0251-4B34-9605-4681C613E670}.AppStore|ARM.Build.0 = Release|Any CPU
		{7FD35F26-0251-4B34-9605-4681C613E670}.AppStore|ARM.Deploy.0 = Release|Any CPU
		{7FD35F26-0251-4B34-9605-4681C613E670}.AppStore|iPhone.ActiveCfg = Release|Any CPU
		{7FD35F26-0251-4B34-9605-4681C613E670}.AppStore|iPhone.Build.0 = Release|Any CPU
		{7FD35F26-0251-4B34-9605-4681C613E670}.AppStore|iPhone.Deploy.0 = Release|Any CPU
		{7FD35F26-0251-4B34-9605-4681C613E670}.AppStore|iPhoneSimulator.ActiveCfg = Release|Any CPU
		{7FD35F26-0251-4B34-9605-4681C613E670}.AppStore|iPhoneSimulator.Build.0 = Release|Any CPU
		{7FD35F26-0251-4B34-9605-4681C613E670}.AppStore|iPhoneSimulator.Deploy.0 = Release|Any CPU
		{7FD35F26-0251-4B34-9605-4681C613E670}.AppStore|x64.ActiveCfg = Release|Any CPU
		{7FD35F26-0251-4B34-9605-4681C613E670}.AppStore|x64.Build.0 = Release|Any CPU
		{7FD35F26-0251-4B34-9605-4681C613E670}.AppStore|x64.Deploy.0 = Release|Any CPU
		{7FD35F26-0251-4B34-9605-4681C613E670}.AppStore|x86.ActiveCfg = Release|Any CPU
		{7FD35F26-0251-4B34-9605-4681C613E670}.AppStore|x86.Build.0 = Release|Any CPU
		{7FD35F26-0251-4B34-9605-4681C613E670}.AppStore|x86.Deploy.0 = Release|Any CPU
		{7FD35F26-0251-4B34-9605-4681C613E670}.Debug|Any CPU.ActiveCfg = Debug|Any CPU
		{7FD35F26-0251-4B34-9605-4681C613E670}.Debug|Any CPU.Build.0 = Debug|Any CPU
		{7FD35F26-0251-4B34-9605-4681C613E670}.Debug|Any CPU.Deploy.0 = Debug|Any CPU
		{7FD35F26-0251-4B34-9605-4681C613E670}.Debug|ARM.ActiveCfg = Debug|Any CPU
		{7FD35F26-0251-4B34-9605-4681C613E670}.Debug|ARM.Build.0 = Debug|Any CPU
		{7FD35F26-0251-4B34-9605-4681C613E670}.Debug|ARM.Deploy.0 = Debug|Any CPU
		{7FD35F26-0251-4B34-9605-4681C613E670}.Debug|iPhone.ActiveCfg = Debug|Any CPU
		{7FD35F26-0251-4B34-9605-4681C613E670}.Debug|iPhone.Build.0 = Debug|Any CPU
		{7FD35F26-0251-4B34-9605-4681C613E670}.Debug|iPhone.Deploy.0 = Debug|Any CPU
		{7FD35F26-0251-4B34-9605-4681C613E670}.Debug|iPhoneSimulator.ActiveCfg = Debug|Any CPU
		{7FD35F26-0251-4B34-9605-4681C613E670}.Debug|iPhoneSimulator.Build.0 = Debug|Any CPU
		{7FD35F26-0251-4B34-9605-4681C613E670}.Debug|iPhoneSimulator.Deploy.0 = Debug|Any CPU
		{7FD35F26-0251-4B34-9605-4681C613E670}.Debug|x64.ActiveCfg = Debug|Any CPU
		{7FD35F26-0251-4B34-9605-4681C613E670}.Debug|x64.Build.0 = Debug|Any CPU
		{7FD35F26-0251-4B34-9605-4681C613E670}.Debug|x64.Deploy.0 = Debug|Any CPU
		{7FD35F26-0251-4B34-9605-4681C613E670}.Debug|x86.ActiveCfg = Debug|Any CPU
		{7FD35F26-0251-4B34-9605-4681C613E670}.Debug|x86.Build.0 = Debug|Any CPU
		{7FD35F26-0251-4B34-9605-4681C613E670}.Debug|x86.Deploy.0 = Debug|Any CPU
		{7FD35F26-0251-4B34-9605-4681C613E670}.Release|Any CPU.ActiveCfg = Release|Any CPU
		{7FD35F26-0251-4B34-9605-4681C613E670}.Release|Any CPU.Build.0 = Release|Any CPU
		{7FD35F26-0251-4B34-9605-4681C613E670}.Release|Any CPU.Deploy.0 = Release|Any CPU
		{7FD35F26-0251-4B34-9605-4681C613E670}.Release|ARM.ActiveCfg = Release|Any CPU
		{7FD35F26-0251-4B34-9605-4681C613E670}.Release|ARM.Build.0 = Release|Any CPU
		{7FD35F26-0251-4B34-9605-4681C613E670}.Release|ARM.Deploy.0 = Release|Any CPU
		{7FD35F26-0251-4B34-9605-4681C613E670}.Release|iPhone.ActiveCfg = Release|Any CPU
		{7FD35F26-0251-4B34-9605-4681C613E670}.Release|iPhone.Build.0 = Release|Any CPU
		{7FD35F26-0251-4B34-9605-4681C613E670}.Release|iPhone.Deploy.0 = Release|Any CPU
		{7FD35F26-0251-4B34-9605-4681C613E670}.Release|iPhoneSimulator.ActiveCfg = Release|Any CPU
		{7FD35F26-0251-4B34-9605-4681C613E670}.Release|iPhoneSimulator.Build.0 = Release|Any CPU
		{7FD35F26-0251-4B34-9605-4681C613E670}.Release|iPhoneSimulator.Deploy.0 = Release|Any CPU
		{7FD35F26-0251-4B34-9605-4681C613E670}.Release|x64.ActiveCfg = Release|Any CPU
		{7FD35F26-0251-4B34-9605-4681C613E670}.Release|x64.Build.0 = Release|Any CPU
		{7FD35F26-0251-4B34-9605-4681C613E670}.Release|x64.Deploy.0 = Release|Any CPU
		{7FD35F26-0251-4B34-9605-4681C613E670}.Release|x86.ActiveCfg = Release|Any CPU
		{7FD35F26-0251-4B34-9605-4681C613E670}.Release|x86.Build.0 = Release|Any CPU
		{7FD35F26-0251-4B34-9605-4681C613E670}.Release|x86.Deploy.0 = Release|Any CPU
		{F327C1E9-4ABD-4481-98A9-E0666C528AEB}.Ad-Hoc|Any CPU.ActiveCfg = Release|Any CPU
		{F327C1E9-4ABD-4481-98A9-E0666C528AEB}.Ad-Hoc|Any CPU.Build.0 = Release|Any CPU
		{F327C1E9-4ABD-4481-98A9-E0666C528AEB}.Ad-Hoc|ARM.ActiveCfg = Release|Any CPU
		{F327C1E9-4ABD-4481-98A9-E0666C528AEB}.Ad-Hoc|ARM.Build.0 = Release|Any CPU
		{F327C1E9-4ABD-4481-98A9-E0666C528AEB}.Ad-Hoc|iPhone.ActiveCfg = Release|Any CPU
		{F327C1E9-4ABD-4481-98A9-E0666C528AEB}.Ad-Hoc|iPhone.Build.0 = Release|Any CPU
		{F327C1E9-4ABD-4481-98A9-E0666C528AEB}.Ad-Hoc|iPhoneSimulator.ActiveCfg = Release|Any CPU
		{F327C1E9-4ABD-4481-98A9-E0666C528AEB}.Ad-Hoc|iPhoneSimulator.Build.0 = Release|Any CPU
		{F327C1E9-4ABD-4481-98A9-E0666C528AEB}.Ad-Hoc|x64.ActiveCfg = Release|Any CPU
		{F327C1E9-4ABD-4481-98A9-E0666C528AEB}.Ad-Hoc|x64.Build.0 = Release|Any CPU
		{F327C1E9-4ABD-4481-98A9-E0666C528AEB}.Ad-Hoc|x86.ActiveCfg = Release|Any CPU
		{F327C1E9-4ABD-4481-98A9-E0666C528AEB}.Ad-Hoc|x86.Build.0 = Release|Any CPU
		{F327C1E9-4ABD-4481-98A9-E0666C528AEB}.AppStore|Any CPU.ActiveCfg = Release|Any CPU
		{F327C1E9-4ABD-4481-98A9-E0666C528AEB}.AppStore|Any CPU.Build.0 = Release|Any CPU
		{F327C1E9-4ABD-4481-98A9-E0666C528AEB}.AppStore|ARM.ActiveCfg = Release|Any CPU
		{F327C1E9-4ABD-4481-98A9-E0666C528AEB}.AppStore|ARM.Build.0 = Release|Any CPU
		{F327C1E9-4ABD-4481-98A9-E0666C528AEB}.AppStore|iPhone.ActiveCfg = Release|Any CPU
		{F327C1E9-4ABD-4481-98A9-E0666C528AEB}.AppStore|iPhone.Build.0 = Release|Any CPU
		{F327C1E9-4ABD-4481-98A9-E0666C528AEB}.AppStore|iPhoneSimulator.ActiveCfg = Release|Any CPU
		{F327C1E9-4ABD-4481-98A9-E0666C528AEB}.AppStore|iPhoneSimulator.Build.0 = Release|Any CPU
		{F327C1E9-4ABD-4481-98A9-E0666C528AEB}.AppStore|x64.ActiveCfg = Release|Any CPU
		{F327C1E9-4ABD-4481-98A9-E0666C528AEB}.AppStore|x64.Build.0 = Release|Any CPU
		{F327C1E9-4ABD-4481-98A9-E0666C528AEB}.AppStore|x86.ActiveCfg = Release|Any CPU
		{F327C1E9-4ABD-4481-98A9-E0666C528AEB}.AppStore|x86.Build.0 = Release|Any CPU
		{F327C1E9-4ABD-4481-98A9-E0666C528AEB}.Debug|Any CPU.ActiveCfg = Debug|Any CPU
		{F327C1E9-4ABD-4481-98A9-E0666C528AEB}.Debug|Any CPU.Build.0 = Debug|Any CPU
		{F327C1E9-4ABD-4481-98A9-E0666C528AEB}.Debug|ARM.ActiveCfg = Debug|Any CPU
		{F327C1E9-4ABD-4481-98A9-E0666C528AEB}.Debug|ARM.Build.0 = Debug|Any CPU
		{F327C1E9-4ABD-4481-98A9-E0666C528AEB}.Debug|iPhone.ActiveCfg = Debug|Any CPU
		{F327C1E9-4ABD-4481-98A9-E0666C528AEB}.Debug|iPhone.Build.0 = Debug|Any CPU
		{F327C1E9-4ABD-4481-98A9-E0666C528AEB}.Debug|iPhoneSimulator.ActiveCfg = Debug|Any CPU
		{F327C1E9-4ABD-4481-98A9-E0666C528AEB}.Debug|iPhoneSimulator.Build.0 = Debug|Any CPU
		{F327C1E9-4ABD-4481-98A9-E0666C528AEB}.Debug|x64.ActiveCfg = Debug|Any CPU
		{F327C1E9-4ABD-4481-98A9-E0666C528AEB}.Debug|x64.Build.0 = Debug|Any CPU
		{F327C1E9-4ABD-4481-98A9-E0666C528AEB}.Debug|x86.ActiveCfg = Debug|Any CPU
		{F327C1E9-4ABD-4481-98A9-E0666C528AEB}.Debug|x86.Build.0 = Debug|Any CPU
		{F327C1E9-4ABD-4481-98A9-E0666C528AEB}.Release|Any CPU.ActiveCfg = Release|Any CPU
		{F327C1E9-4ABD-4481-98A9-E0666C528AEB}.Release|Any CPU.Build.0 = Release|Any CPU
		{F327C1E9-4ABD-4481-98A9-E0666C528AEB}.Release|ARM.ActiveCfg = Release|Any CPU
		{F327C1E9-4ABD-4481-98A9-E0666C528AEB}.Release|ARM.Build.0 = Release|Any CPU
		{F327C1E9-4ABD-4481-98A9-E0666C528AEB}.Release|iPhone.ActiveCfg = Release|Any CPU
		{F327C1E9-4ABD-4481-98A9-E0666C528AEB}.Release|iPhone.Build.0 = Release|Any CPU
		{F327C1E9-4ABD-4481-98A9-E0666C528AEB}.Release|iPhoneSimulator.ActiveCfg = Release|Any CPU
		{F327C1E9-4ABD-4481-98A9-E0666C528AEB}.Release|iPhoneSimulator.Build.0 = Release|Any CPU
		{F327C1E9-4ABD-4481-98A9-E0666C528AEB}.Release|x64.ActiveCfg = Release|Any CPU
		{F327C1E9-4ABD-4481-98A9-E0666C528AEB}.Release|x64.Build.0 = Release|Any CPU
		{F327C1E9-4ABD-4481-98A9-E0666C528AEB}.Release|x86.ActiveCfg = Release|Any CPU
		{F327C1E9-4ABD-4481-98A9-E0666C528AEB}.Release|x86.Build.0 = Release|Any CPU
		{E7DC3947-19AE-4BE8-8475-90C8896B5175}.Ad-Hoc|Any CPU.ActiveCfg = Release|x86
		{E7DC3947-19AE-4BE8-8475-90C8896B5175}.Ad-Hoc|Any CPU.Build.0 = Release|x86
		{E7DC3947-19AE-4BE8-8475-90C8896B5175}.Ad-Hoc|Any CPU.Deploy.0 = Release|x86
		{E7DC3947-19AE-4BE8-8475-90C8896B5175}.Ad-Hoc|ARM.ActiveCfg = Release|ARM
		{E7DC3947-19AE-4BE8-8475-90C8896B5175}.Ad-Hoc|ARM.Build.0 = Release|ARM
		{E7DC3947-19AE-4BE8-8475-90C8896B5175}.Ad-Hoc|ARM.Deploy.0 = Release|ARM
		{E7DC3947-19AE-4BE8-8475-90C8896B5175}.Ad-Hoc|iPhone.ActiveCfg = Release|x86
		{E7DC3947-19AE-4BE8-8475-90C8896B5175}.Ad-Hoc|iPhone.Build.0 = Release|x86
		{E7DC3947-19AE-4BE8-8475-90C8896B5175}.Ad-Hoc|iPhone.Deploy.0 = Release|x86
		{E7DC3947-19AE-4BE8-8475-90C8896B5175}.Ad-Hoc|iPhoneSimulator.ActiveCfg = Release|x86
		{E7DC3947-19AE-4BE8-8475-90C8896B5175}.Ad-Hoc|iPhoneSimulator.Build.0 = Release|x86
		{E7DC3947-19AE-4BE8-8475-90C8896B5175}.Ad-Hoc|iPhoneSimulator.Deploy.0 = Release|x86
		{E7DC3947-19AE-4BE8-8475-90C8896B5175}.Ad-Hoc|x64.ActiveCfg = Release|x64
		{E7DC3947-19AE-4BE8-8475-90C8896B5175}.Ad-Hoc|x64.Build.0 = Release|x64
		{E7DC3947-19AE-4BE8-8475-90C8896B5175}.Ad-Hoc|x64.Deploy.0 = Release|x64
		{E7DC3947-19AE-4BE8-8475-90C8896B5175}.Ad-Hoc|x86.ActiveCfg = Release|x86
		{E7DC3947-19AE-4BE8-8475-90C8896B5175}.Ad-Hoc|x86.Build.0 = Release|x86
		{E7DC3947-19AE-4BE8-8475-90C8896B5175}.Ad-Hoc|x86.Deploy.0 = Release|x86
		{E7DC3947-19AE-4BE8-8475-90C8896B5175}.AppStore|Any CPU.ActiveCfg = Release|x86
		{E7DC3947-19AE-4BE8-8475-90C8896B5175}.AppStore|Any CPU.Build.0 = Release|x86
		{E7DC3947-19AE-4BE8-8475-90C8896B5175}.AppStore|Any CPU.Deploy.0 = Release|x86
		{E7DC3947-19AE-4BE8-8475-90C8896B5175}.AppStore|ARM.ActiveCfg = Release|ARM
		{E7DC3947-19AE-4BE8-8475-90C8896B5175}.AppStore|ARM.Build.0 = Release|ARM
		{E7DC3947-19AE-4BE8-8475-90C8896B5175}.AppStore|ARM.Deploy.0 = Release|ARM
		{E7DC3947-19AE-4BE8-8475-90C8896B5175}.AppStore|iPhone.ActiveCfg = Release|x86
		{E7DC3947-19AE-4BE8-8475-90C8896B5175}.AppStore|iPhone.Build.0 = Release|x86
		{E7DC3947-19AE-4BE8-8475-90C8896B5175}.AppStore|iPhone.Deploy.0 = Release|x86
		{E7DC3947-19AE-4BE8-8475-90C8896B5175}.AppStore|iPhoneSimulator.ActiveCfg = Release|x86
		{E7DC3947-19AE-4BE8-8475-90C8896B5175}.AppStore|iPhoneSimulator.Build.0 = Release|x86
		{E7DC3947-19AE-4BE8-8475-90C8896B5175}.AppStore|iPhoneSimulator.Deploy.0 = Release|x86
		{E7DC3947-19AE-4BE8-8475-90C8896B5175}.AppStore|x64.ActiveCfg = Release|x64
		{E7DC3947-19AE-4BE8-8475-90C8896B5175}.AppStore|x64.Build.0 = Release|x64
		{E7DC3947-19AE-4BE8-8475-90C8896B5175}.AppStore|x64.Deploy.0 = Release|x64
		{E7DC3947-19AE-4BE8-8475-90C8896B5175}.AppStore|x86.ActiveCfg = Release|x86
		{E7DC3947-19AE-4BE8-8475-90C8896B5175}.AppStore|x86.Build.0 = Release|x86
		{E7DC3947-19AE-4BE8-8475-90C8896B5175}.AppStore|x86.Deploy.0 = Release|x86
		{E7DC3947-19AE-4BE8-8475-90C8896B5175}.Debug|Any CPU.ActiveCfg = Debug|x86
		{E7DC3947-19AE-4BE8-8475-90C8896B5175}.Debug|ARM.ActiveCfg = Debug|ARM
		{E7DC3947-19AE-4BE8-8475-90C8896B5175}.Debug|ARM.Build.0 = Debug|ARM
		{E7DC3947-19AE-4BE8-8475-90C8896B5175}.Debug|ARM.Deploy.0 = Debug|ARM
		{E7DC3947-19AE-4BE8-8475-90C8896B5175}.Debug|iPhone.ActiveCfg = Debug|x86
		{E7DC3947-19AE-4BE8-8475-90C8896B5175}.Debug|iPhoneSimulator.ActiveCfg = Debug|x86
		{E7DC3947-19AE-4BE8-8475-90C8896B5175}.Debug|x64.ActiveCfg = Debug|x64
		{E7DC3947-19AE-4BE8-8475-90C8896B5175}.Debug|x64.Build.0 = Debug|x64
		{E7DC3947-19AE-4BE8-8475-90C8896B5175}.Debug|x64.Deploy.0 = Debug|x64
		{E7DC3947-19AE-4BE8-8475-90C8896B5175}.Debug|x86.ActiveCfg = Debug|x86
		{E7DC3947-19AE-4BE8-8475-90C8896B5175}.Debug|x86.Build.0 = Debug|x86
		{E7DC3947-19AE-4BE8-8475-90C8896B5175}.Debug|x86.Deploy.0 = Debug|x86
		{E7DC3947-19AE-4BE8-8475-90C8896B5175}.Release|Any CPU.ActiveCfg = Release|x86
		{E7DC3947-19AE-4BE8-8475-90C8896B5175}.Release|ARM.ActiveCfg = Release|ARM
		{E7DC3947-19AE-4BE8-8475-90C8896B5175}.Release|ARM.Build.0 = Release|ARM
		{E7DC3947-19AE-4BE8-8475-90C8896B5175}.Release|ARM.Deploy.0 = Release|ARM
		{E7DC3947-19AE-4BE8-8475-90C8896B5175}.Release|iPhone.ActiveCfg = Release|x86
		{E7DC3947-19AE-4BE8-8475-90C8896B5175}.Release|iPhoneSimulator.ActiveCfg = Release|x86
		{E7DC3947-19AE-4BE8-8475-90C8896B5175}.Release|x64.ActiveCfg = Release|x64
		{E7DC3947-19AE-4BE8-8475-90C8896B5175}.Release|x64.Build.0 = Release|x64
		{E7DC3947-19AE-4BE8-8475-90C8896B5175}.Release|x64.Deploy.0 = Release|x64
		{E7DC3947-19AE-4BE8-8475-90C8896B5175}.Release|x86.ActiveCfg = Release|x86
		{E7DC3947-19AE-4BE8-8475-90C8896B5175}.Release|x86.Build.0 = Release|x86
		{E7DC3947-19AE-4BE8-8475-90C8896B5175}.Release|x86.Deploy.0 = Release|x86
		{97DE6F85-9C99-403F-AB7A-97C0050448DD}.Ad-Hoc|Any CPU.ActiveCfg = Ad-Hoc|iPhone
		{97DE6F85-9C99-403F-AB7A-97C0050448DD}.Ad-Hoc|ARM.ActiveCfg = Ad-Hoc|iPhone
		{97DE6F85-9C99-403F-AB7A-97C0050448DD}.Ad-Hoc|iPhone.ActiveCfg = Ad-Hoc|iPhone
		{97DE6F85-9C99-403F-AB7A-97C0050448DD}.Ad-Hoc|iPhone.Build.0 = Ad-Hoc|iPhone
		{97DE6F85-9C99-403F-AB7A-97C0050448DD}.Ad-Hoc|iPhoneSimulator.ActiveCfg = Ad-Hoc|iPhoneSimulator
		{97DE6F85-9C99-403F-AB7A-97C0050448DD}.Ad-Hoc|iPhoneSimulator.Build.0 = Ad-Hoc|iPhoneSimulator
		{97DE6F85-9C99-403F-AB7A-97C0050448DD}.Ad-Hoc|x64.ActiveCfg = Ad-Hoc|iPhone
		{97DE6F85-9C99-403F-AB7A-97C0050448DD}.Ad-Hoc|x86.ActiveCfg = Ad-Hoc|iPhone
		{97DE6F85-9C99-403F-AB7A-97C0050448DD}.AppStore|Any CPU.ActiveCfg = AppStore|iPhone
		{97DE6F85-9C99-403F-AB7A-97C0050448DD}.AppStore|ARM.ActiveCfg = AppStore|iPhone
		{97DE6F85-9C99-403F-AB7A-97C0050448DD}.AppStore|iPhone.ActiveCfg = AppStore|iPhone
		{97DE6F85-9C99-403F-AB7A-97C0050448DD}.AppStore|iPhone.Build.0 = AppStore|iPhone
		{97DE6F85-9C99-403F-AB7A-97C0050448DD}.AppStore|iPhoneSimulator.ActiveCfg = AppStore|iPhoneSimulator
		{97DE6F85-9C99-403F-AB7A-97C0050448DD}.AppStore|iPhoneSimulator.Build.0 = AppStore|iPhoneSimulator
		{97DE6F85-9C99-403F-AB7A-97C0050448DD}.AppStore|x64.ActiveCfg = AppStore|iPhone
		{97DE6F85-9C99-403F-AB7A-97C0050448DD}.AppStore|x86.ActiveCfg = AppStore|iPhone
		{97DE6F85-9C99-403F-AB7A-97C0050448DD}.Debug|Any CPU.ActiveCfg = Debug|iPhone
		{97DE6F85-9C99-403F-AB7A-97C0050448DD}.Debug|ARM.ActiveCfg = Debug|iPhone
		{97DE6F85-9C99-403F-AB7A-97C0050448DD}.Debug|iPhone.ActiveCfg = Debug|iPhone
		{97DE6F85-9C99-403F-AB7A-97C0050448DD}.Debug|iPhone.Build.0 = Debug|iPhone
		{97DE6F85-9C99-403F-AB7A-97C0050448DD}.Debug|iPhoneSimulator.ActiveCfg = Debug|iPhoneSimulator
		{97DE6F85-9C99-403F-AB7A-97C0050448DD}.Debug|iPhoneSimulator.Build.0 = Debug|iPhoneSimulator
		{97DE6F85-9C99-403F-AB7A-97C0050448DD}.Debug|x64.ActiveCfg = Debug|iPhone
		{97DE6F85-9C99-403F-AB7A-97C0050448DD}.Debug|x86.ActiveCfg = Debug|iPhone
		{97DE6F85-9C99-403F-AB7A-97C0050448DD}.Release|Any CPU.ActiveCfg = Release|iPhone
		{97DE6F85-9C99-403F-AB7A-97C0050448DD}.Release|ARM.ActiveCfg = Release|iPhone
		{97DE6F85-9C99-403F-AB7A-97C0050448DD}.Release|iPhone.ActiveCfg = Release|iPhone
		{97DE6F85-9C99-403F-AB7A-97C0050448DD}.Release|iPhone.Build.0 = Release|iPhone
		{97DE6F85-9C99-403F-AB7A-97C0050448DD}.Release|iPhoneSimulator.ActiveCfg = Release|iPhoneSimulator
		{97DE6F85-9C99-403F-AB7A-97C0050448DD}.Release|iPhoneSimulator.Build.0 = Release|iPhoneSimulator
		{97DE6F85-9C99-403F-AB7A-97C0050448DD}.Release|x64.ActiveCfg = Release|iPhone
		{97DE6F85-9C99-403F-AB7A-97C0050448DD}.Release|x86.ActiveCfg = Release|iPhone
		{FEBD200A-EE95-4290-B36E-C4EE0B61727A}.Ad-Hoc|Any CPU.ActiveCfg = Release|Any CPU
		{FEBD200A-EE95-4290-B36E-C4EE0B61727A}.Ad-Hoc|Any CPU.Build.0 = Release|Any CPU
		{FEBD200A-EE95-4290-B36E-C4EE0B61727A}.Ad-Hoc|ARM.ActiveCfg = Release|Any CPU
		{FEBD200A-EE95-4290-B36E-C4EE0B61727A}.Ad-Hoc|ARM.Build.0 = Release|Any CPU
		{FEBD200A-EE95-4290-B36E-C4EE0B61727A}.Ad-Hoc|iPhone.ActiveCfg = Release|Any CPU
		{FEBD200A-EE95-4290-B36E-C4EE0B61727A}.Ad-Hoc|iPhone.Build.0 = Release|Any CPU
		{FEBD200A-EE95-4290-B36E-C4EE0B61727A}.Ad-Hoc|iPhoneSimulator.ActiveCfg = Release|Any CPU
		{FEBD200A-EE95-4290-B36E-C4EE0B61727A}.Ad-Hoc|iPhoneSimulator.Build.0 = Release|Any CPU
		{FEBD200A-EE95-4290-B36E-C4EE0B61727A}.Ad-Hoc|x64.ActiveCfg = Release|Any CPU
		{FEBD200A-EE95-4290-B36E-C4EE0B61727A}.Ad-Hoc|x64.Build.0 = Release|Any CPU
		{FEBD200A-EE95-4290-B36E-C4EE0B61727A}.Ad-Hoc|x86.ActiveCfg = Release|Any CPU
		{FEBD200A-EE95-4290-B36E-C4EE0B61727A}.Ad-Hoc|x86.Build.0 = Release|Any CPU
		{FEBD200A-EE95-4290-B36E-C4EE0B61727A}.AppStore|Any CPU.ActiveCfg = Release|Any CPU
		{FEBD200A-EE95-4290-B36E-C4EE0B61727A}.AppStore|Any CPU.Build.0 = Release|Any CPU
		{FEBD200A-EE95-4290-B36E-C4EE0B61727A}.AppStore|ARM.ActiveCfg = Release|Any CPU
		{FEBD200A-EE95-4290-B36E-C4EE0B61727A}.AppStore|ARM.Build.0 = Release|Any CPU
		{FEBD200A-EE95-4290-B36E-C4EE0B61727A}.AppStore|iPhone.ActiveCfg = Release|Any CPU
		{FEBD200A-EE95-4290-B36E-C4EE0B61727A}.AppStore|iPhone.Build.0 = Release|Any CPU
		{FEBD200A-EE95-4290-B36E-C4EE0B61727A}.AppStore|iPhoneSimulator.ActiveCfg = Release|Any CPU
		{FEBD200A-EE95-4290-B36E-C4EE0B61727A}.AppStore|iPhoneSimulator.Build.0 = Release|Any CPU
		{FEBD200A-EE95-4290-B36E-C4EE0B61727A}.AppStore|x64.ActiveCfg = Release|Any CPU
		{FEBD200A-EE95-4290-B36E-C4EE0B61727A}.AppStore|x64.Build.0 = Release|Any CPU
		{FEBD200A-EE95-4290-B36E-C4EE0B61727A}.AppStore|x86.ActiveCfg = Release|Any CPU
		{FEBD200A-EE95-4290-B36E-C4EE0B61727A}.AppStore|x86.Build.0 = Release|Any CPU
		{FEBD200A-EE95-4290-B36E-C4EE0B61727A}.Debug|Any CPU.ActiveCfg = Debug|Any CPU
		{FEBD200A-EE95-4290-B36E-C4EE0B61727A}.Debug|Any CPU.Build.0 = Debug|Any CPU
		{FEBD200A-EE95-4290-B36E-C4EE0B61727A}.Debug|ARM.ActiveCfg = Debug|Any CPU
		{FEBD200A-EE95-4290-B36E-C4EE0B61727A}.Debug|ARM.Build.0 = Debug|Any CPU
		{FEBD200A-EE95-4290-B36E-C4EE0B61727A}.Debug|iPhone.ActiveCfg = Debug|Any CPU
		{FEBD200A-EE95-4290-B36E-C4EE0B61727A}.Debug|iPhone.Build.0 = Debug|Any CPU
		{FEBD200A-EE95-4290-B36E-C4EE0B61727A}.Debug|iPhoneSimulator.ActiveCfg = Debug|Any CPU
		{FEBD200A-EE95-4290-B36E-C4EE0B61727A}.Debug|iPhoneSimulator.Build.0 = Debug|Any CPU
		{FEBD200A-EE95-4290-B36E-C4EE0B61727A}.Debug|x64.ActiveCfg = Debug|Any CPU
		{FEBD200A-EE95-4290-B36E-C4EE0B61727A}.Debug|x64.Build.0 = Debug|Any CPU
		{FEBD200A-EE95-4290-B36E-C4EE0B61727A}.Debug|x86.ActiveCfg = Debug|Any CPU
		{FEBD200A-EE95-4290-B36E-C4EE0B61727A}.Debug|x86.Build.0 = Debug|Any CPU
		{FEBD200A-EE95-4290-B36E-C4EE0B61727A}.Release|Any CPU.ActiveCfg = Release|Any CPU
		{FEBD200A-EE95-4290-B36E-C4EE0B61727A}.Release|Any CPU.Build.0 = Release|Any CPU
		{FEBD200A-EE95-4290-B36E-C4EE0B61727A}.Release|ARM.ActiveCfg = Release|Any CPU
		{FEBD200A-EE95-4290-B36E-C4EE0B61727A}.Release|ARM.Build.0 = Release|Any CPU
		{FEBD200A-EE95-4290-B36E-C4EE0B61727A}.Release|iPhone.ActiveCfg = Release|Any CPU
		{FEBD200A-EE95-4290-B36E-C4EE0B61727A}.Release|iPhone.Build.0 = Release|Any CPU
		{FEBD200A-EE95-4290-B36E-C4EE0B61727A}.Release|iPhoneSimulator.ActiveCfg = Release|Any CPU
		{FEBD200A-EE95-4290-B36E-C4EE0B61727A}.Release|iPhoneSimulator.Build.0 = Release|Any CPU
		{FEBD200A-EE95-4290-B36E-C4EE0B61727A}.Release|x64.ActiveCfg = Release|Any CPU
		{FEBD200A-EE95-4290-B36E-C4EE0B61727A}.Release|x64.Build.0 = Release|Any CPU
		{FEBD200A-EE95-4290-B36E-C4EE0B61727A}.Release|x86.ActiveCfg = Release|Any CPU
		{FEBD200A-EE95-4290-B36E-C4EE0B61727A}.Release|x86.Build.0 = Release|Any CPU
	EndGlobalSection
	GlobalSection(SolutionProperties) = preSolution
		HideSolutionNode = FALSE
	EndGlobalSection
	GlobalSection(NestedProjects) = preSolution
		{7FD35F26-0251-4B34-9605-4681C613E670} = {3B2A069E-F7B8-46C4-800E-19EA1141EF51}
		{F327C1E9-4ABD-4481-98A9-E0666C528AEB} = {2B9DC90A-5025-4A94-AD0C-A42C190FDECB}
		{E7DC3947-19AE-4BE8-8475-90C8896B5175} = {3B2A069E-F7B8-46C4-800E-19EA1141EF51}
		{97DE6F85-9C99-403F-AB7A-97C0050448DD} = {3B2A069E-F7B8-46C4-800E-19EA1141EF51}
		{FEBD200A-EE95-4290-B36E-C4EE0B61727A} = {2B9DC90A-5025-4A94-AD0C-A42C190FDECB}
	EndGlobalSection
	GlobalSection(ExtensibilityGlobals) = postSolution
		SolutionGuid = {9DFA7327-8765-4718-BB07-A9CB49773BF1}
	EndGlobalSection
EndGlobal
